
Microsoft Visual Studio Solution File, Format Version 12.00
# Visual Studio Version 16
VisualStudioVersion = 16.0.29001.49
MinimumVisualStudioVersion = 10.0.40219.1
Project("{FAE04EC0-301F-11D3-BF4B-00C04F79EFBC}") = "Auxiliary", "Auxiliary\Auxiliary.csproj", "{8988CAE1-D7C1-499B-B595-9B544FCCF7FB}"
EndProject
Project("{FAE04EC0-301F-11D3-BF4B-00C04F79EFBC}") = "CasReports", "CASReports\CasReports.csproj", "{0BB37FD2-48B1-4212-8CB8-82461A379AC3}"
EndProject
Project("{FAE04EC0-301F-11D3-BF4B-00C04F79EFBC}") = "TextProcessing", "TextProcessing\TextProcessing.csproj", "{C56BB11D-5043-4A8B-8288-A7199B76B570}"
EndProject
Project("{FAE04EC0-301F-11D3-BF4B-00C04F79EFBC}") = "CasUiSmartCore", "CasUiSmartCore\CasUiSmartCore.csproj", "{309FB449-9735-4260-A489-C2F3AA23565E}"
	ProjectSection(ProjectDependencies) = postProject
		{560821EE-9178-4D96-8BBC-42DB50FF0DB4} = {560821EE-9178-4D96-8BBC-42DB50FF0DB4}
	EndProjectSection
EndProject
Project("{FAE04EC0-301F-11D3-BF4B-00C04F79EFBC}") = "SmartControls", "SmartControls\SmartControls.csproj", "{9C7822B3-F9CC-436A-97A0-FDF02E31524D}"
EndProject
Project("{FAE04EC0-301F-11D3-BF4B-00C04F79EFBC}") = "AvControls", "AvControls\AvControls.csproj", "{2212B211-134F-4D16-974A-73AB657EA5F8}"
EndProject
Project("{FAE04EC0-301F-11D3-BF4B-00C04F79EFBC}") = "CasNetworkObserver", "CasNetworkObserver\CasNetworkObserver.csproj", "{D85F5EEF-016D-49B4-AB24-17C153EF42DC}"
EndProject
Project("{FAE04EC0-301F-11D3-BF4B-00C04F79EFBC}") = "CasProtocol", "CasProtocol\CasProtocol.csproj", "{DAF7BCE2-A3F0-4B4D-9B6E-2BB85B04EBCE}"
EndProject
Project("{FAE04EC0-301F-11D3-BF4B-00C04F79EFBC}") = "SmartCore", "SmartCore\SmartCore.csproj", "{48B63705-4573-4BB2-B04D-67A406B09AB6}"
EndProject
Project("{FAE04EC0-301F-11D3-BF4B-00C04F79EFBC}") = "CASDataBaseScripts", "CASDataBaseScripts\CASDataBaseScripts.csproj", "{183F216E-495A-4536-B38E-90876CE10085}"
EndProject
Project("{FAE04EC0-301F-11D3-BF4B-00C04F79EFBC}") = "SmartCore.Tests", "SmartCore.Tests\SmartCore.Tests.csproj", "{08890FBC-FA1A-4DE9-B75F-B0CA6E3CF189}"
EndProject
Project("{FAE04EC0-301F-11D3-BF4B-00C04F79EFBC}") = "TempUIExtentions", "TempUIExtentions\TempUIExtentions.csproj", "{7EA3AD0E-0FFA-468B-B372-E41BA03C0B8C}"
EndProject
Project("{FAE04EC0-301F-11D3-BF4B-00C04F79EFBC}") = "EFCore", "EFCore\EFCore.csproj", "{6DDDAF81-980A-4EBC-BF58-3CA93A059D7F}"
EndProject
Project("{FAE04EC0-301F-11D3-BF4B-00C04F79EFBC}") = "CasWcfService", "CasWcfService\CasWcfService.csproj", "{560821EE-9178-4D96-8BBC-42DB50FF0DB4}"
EndProject
Project("{FAE04EC0-301F-11D3-BF4B-00C04F79EFBC}") = "CASGlobalTerms", "CASTerms\CASGlobalTerms.csproj", "{0E490CE9-C51F-408C-A6FB-39A8CE185817}"
EndProject
Global
	GlobalSection(SolutionConfigurationPlatforms) = preSolution
		AQUILINEDEBUG|Any CPU = AQUILINEDEBUG|Any CPU
		AQUILINEDEBUG|Mixed Platforms = AQUILINEDEBUG|Mixed Platforms
		AQUILINEDEBUG|x64 = AQUILINEDEBUG|x64
		AQUILINEDEBUG|x86 = AQUILINEDEBUG|x86
		AQUILINERELEASE|Any CPU = AQUILINERELEASE|Any CPU
		AQUILINERELEASE|Mixed Platforms = AQUILINERELEASE|Mixed Platforms
		AQUILINERELEASE|x64 = AQUILINERELEASE|x64
		AQUILINERELEASE|x86 = AQUILINERELEASE|x86
		Debug|Any CPU = Debug|Any CPU
		Debug|Mixed Platforms = Debug|Mixed Platforms
		Debug|x64 = Debug|x64
		Debug|x86 = Debug|x86
		DEMO|Any CPU = DEMO|Any CPU
		DEMO|Mixed Platforms = DEMO|Mixed Platforms
		DEMO|x64 = DEMO|x64
		DEMO|x86 = DEMO|x86
		Release|Any CPU = Release|Any CPU
		Release|Mixed Platforms = Release|Mixed Platforms
		Release|x64 = Release|x64
		Release|x86 = Release|x86
		ScatDebug|Any CPU = ScatDebug|Any CPU
		ScatDebug|Mixed Platforms = ScatDebug|Mixed Platforms
		ScatDebug|x64 = ScatDebug|x64
		ScatDebug|x86 = ScatDebug|x86
		ScatRelease|Any CPU = ScatRelease|Any CPU
		ScatRelease|Mixed Platforms = ScatRelease|Mixed Platforms
		ScatRelease|x64 = ScatRelease|x64
		ScatRelease|x86 = ScatRelease|x86
	EndGlobalSection
	GlobalSection(ProjectConfigurationPlatforms) = postSolution
		{8988CAE1-D7C1-499B-B595-9B544FCCF7FB}.AQUILINEDEBUG|Any CPU.ActiveCfg = AQUILINEDEBUG|Any CPU
		{8988CAE1-D7C1-499B-B595-9B544FCCF7FB}.AQUILINEDEBUG|Any CPU.Build.0 = AQUILINEDEBUG|Any CPU
		{8988CAE1-D7C1-499B-B595-9B544FCCF7FB}.AQUILINEDEBUG|Mixed Platforms.ActiveCfg = AQUILINEDEBUG|x86
		{8988CAE1-D7C1-499B-B595-9B544FCCF7FB}.AQUILINEDEBUG|Mixed Platforms.Build.0 = AQUILINEDEBUG|x86
		{8988CAE1-D7C1-499B-B595-9B544FCCF7FB}.AQUILINEDEBUG|x64.ActiveCfg = AQUILINEDEBUG|x64
		{8988CAE1-D7C1-499B-B595-9B544FCCF7FB}.AQUILINEDEBUG|x64.Build.0 = AQUILINEDEBUG|x64
		{8988CAE1-D7C1-499B-B595-9B544FCCF7FB}.AQUILINEDEBUG|x86.ActiveCfg = AQUILINEDEBUG|x86
		{8988CAE1-D7C1-499B-B595-9B544FCCF7FB}.AQUILINEDEBUG|x86.Build.0 = AQUILINEDEBUG|x86
		{8988CAE1-D7C1-499B-B595-9B544FCCF7FB}.AQUILINERELEASE|Any CPU.ActiveCfg = AQUILINERELEASE|Any CPU
		{8988CAE1-D7C1-499B-B595-9B544FCCF7FB}.AQUILINERELEASE|Any CPU.Build.0 = AQUILINERELEASE|Any CPU
		{8988CAE1-D7C1-499B-B595-9B544FCCF7FB}.AQUILINERELEASE|Mixed Platforms.ActiveCfg = AQUILINERELEASE|x86
		{8988CAE1-D7C1-499B-B595-9B544FCCF7FB}.AQUILINERELEASE|Mixed Platforms.Build.0 = AQUILINERELEASE|x86
		{8988CAE1-D7C1-499B-B595-9B544FCCF7FB}.AQUILINERELEASE|x64.ActiveCfg = AQUILINERELEASE|x64
		{8988CAE1-D7C1-499B-B595-9B544FCCF7FB}.AQUILINERELEASE|x64.Build.0 = AQUILINERELEASE|x64
		{8988CAE1-D7C1-499B-B595-9B544FCCF7FB}.AQUILINERELEASE|x86.ActiveCfg = AQUILINERELEASE|x86
		{8988CAE1-D7C1-499B-B595-9B544FCCF7FB}.AQUILINERELEASE|x86.Build.0 = AQUILINERELEASE|x86
		{8988CAE1-D7C1-499B-B595-9B544FCCF7FB}.Debug|Any CPU.ActiveCfg = Debug|Any CPU
		{8988CAE1-D7C1-499B-B595-9B544FCCF7FB}.Debug|Any CPU.Build.0 = Debug|Any CPU
		{8988CAE1-D7C1-499B-B595-9B544FCCF7FB}.Debug|Mixed Platforms.ActiveCfg = Debug|x86
		{8988CAE1-D7C1-499B-B595-9B544FCCF7FB}.Debug|Mixed Platforms.Build.0 = Debug|x86
		{8988CAE1-D7C1-499B-B595-9B544FCCF7FB}.Debug|x64.ActiveCfg = Debug|Any CPU
		{8988CAE1-D7C1-499B-B595-9B544FCCF7FB}.Debug|x64.Build.0 = Debug|Any CPU
		{8988CAE1-D7C1-499B-B595-9B544FCCF7FB}.Debug|x86.ActiveCfg = Debug|x86
		{8988CAE1-D7C1-499B-B595-9B544FCCF7FB}.Debug|x86.Build.0 = Debug|x86
		{8988CAE1-D7C1-499B-B595-9B544FCCF7FB}.DEMO|Any CPU.ActiveCfg = DEMO|Any CPU
		{8988CAE1-D7C1-499B-B595-9B544FCCF7FB}.DEMO|Any CPU.Build.0 = DEMO|Any CPU
		{8988CAE1-D7C1-499B-B595-9B544FCCF7FB}.DEMO|Mixed Platforms.ActiveCfg = DEMO|x86
		{8988CAE1-D7C1-499B-B595-9B544FCCF7FB}.DEMO|Mixed Platforms.Build.0 = DEMO|x86
		{8988CAE1-D7C1-499B-B595-9B544FCCF7FB}.DEMO|x64.ActiveCfg = DEMO|x64
		{8988CAE1-D7C1-499B-B595-9B544FCCF7FB}.DEMO|x64.Build.0 = DEMO|x64
		{8988CAE1-D7C1-499B-B595-9B544FCCF7FB}.DEMO|x86.ActiveCfg = DEMO|x86
		{8988CAE1-D7C1-499B-B595-9B544FCCF7FB}.DEMO|x86.Build.0 = DEMO|x86
		{8988CAE1-D7C1-499B-B595-9B544FCCF7FB}.Release|Any CPU.ActiveCfg = Release|Any CPU
		{8988CAE1-D7C1-499B-B595-9B544FCCF7FB}.Release|Any CPU.Build.0 = Release|Any CPU
		{8988CAE1-D7C1-499B-B595-9B544FCCF7FB}.Release|Mixed Platforms.ActiveCfg = Release|x64
		{8988CAE1-D7C1-499B-B595-9B544FCCF7FB}.Release|Mixed Platforms.Build.0 = Release|x64
		{8988CAE1-D7C1-499B-B595-9B544FCCF7FB}.Release|x64.ActiveCfg = Release|x64
		{8988CAE1-D7C1-499B-B595-9B544FCCF7FB}.Release|x64.Build.0 = Release|x64
		{8988CAE1-D7C1-499B-B595-9B544FCCF7FB}.Release|x86.ActiveCfg = Release|x86
		{8988CAE1-D7C1-499B-B595-9B544FCCF7FB}.Release|x86.Build.0 = Release|x86
		{8988CAE1-D7C1-499B-B595-9B544FCCF7FB}.ScatDebug|Any CPU.ActiveCfg = Debug|Any CPU
		{8988CAE1-D7C1-499B-B595-9B544FCCF7FB}.ScatDebug|Any CPU.Build.0 = Debug|Any CPU
		{8988CAE1-D7C1-499B-B595-9B544FCCF7FB}.ScatDebug|Mixed Platforms.ActiveCfg = AQUILINEDEBUG|x86
		{8988CAE1-D7C1-499B-B595-9B544FCCF7FB}.ScatDebug|Mixed Platforms.Build.0 = AQUILINEDEBUG|x86
		{8988CAE1-D7C1-499B-B595-9B544FCCF7FB}.ScatDebug|x64.ActiveCfg = Debug|x64
		{8988CAE1-D7C1-499B-B595-9B544FCCF7FB}.ScatDebug|x64.Build.0 = Debug|x64
		{8988CAE1-D7C1-499B-B595-9B544FCCF7FB}.ScatDebug|x86.ActiveCfg = Debug|x86
		{8988CAE1-D7C1-499B-B595-9B544FCCF7FB}.ScatDebug|x86.Build.0 = Debug|x86
		{8988CAE1-D7C1-499B-B595-9B544FCCF7FB}.ScatRelease|Any CPU.ActiveCfg = AQUILINERELEASE|Any CPU
		{8988CAE1-D7C1-499B-B595-9B544FCCF7FB}.ScatRelease|Any CPU.Build.0 = AQUILINERELEASE|Any CPU
		{8988CAE1-D7C1-499B-B595-9B544FCCF7FB}.ScatRelease|Mixed Platforms.ActiveCfg = AQUILINERELEASE|x86
		{8988CAE1-D7C1-499B-B595-9B544FCCF7FB}.ScatRelease|Mixed Platforms.Build.0 = AQUILINERELEASE|x86
		{8988CAE1-D7C1-499B-B595-9B544FCCF7FB}.ScatRelease|x64.ActiveCfg = AQUILINERELEASE|x64
		{8988CAE1-D7C1-499B-B595-9B544FCCF7FB}.ScatRelease|x64.Build.0 = AQUILINERELEASE|x64
		{8988CAE1-D7C1-499B-B595-9B544FCCF7FB}.ScatRelease|x86.ActiveCfg = AQUILINERELEASE|x86
		{8988CAE1-D7C1-499B-B595-9B544FCCF7FB}.ScatRelease|x86.Build.0 = AQUILINERELEASE|x86
		{0BB37FD2-48B1-4212-8CB8-82461A379AC3}.AQUILINEDEBUG|Any CPU.ActiveCfg = AQUILINEDEBUG|Any CPU
		{0BB37FD2-48B1-4212-8CB8-82461A379AC3}.AQUILINEDEBUG|Any CPU.Build.0 = AQUILINEDEBUG|Any CPU
		{0BB37FD2-48B1-4212-8CB8-82461A379AC3}.AQUILINEDEBUG|Mixed Platforms.ActiveCfg = AQUILINEDEBUG|x86
		{0BB37FD2-48B1-4212-8CB8-82461A379AC3}.AQUILINEDEBUG|Mixed Platforms.Build.0 = AQUILINEDEBUG|x86
		{0BB37FD2-48B1-4212-8CB8-82461A379AC3}.AQUILINEDEBUG|x64.ActiveCfg = AQUILINEDEBUG|x64
		{0BB37FD2-48B1-4212-8CB8-82461A379AC3}.AQUILINEDEBUG|x64.Build.0 = AQUILINEDEBUG|x64
		{0BB37FD2-48B1-4212-8CB8-82461A379AC3}.AQUILINEDEBUG|x86.ActiveCfg = AQUILINEDEBUG|x86
		{0BB37FD2-48B1-4212-8CB8-82461A379AC3}.AQUILINEDEBUG|x86.Build.0 = AQUILINEDEBUG|x86
		{0BB37FD2-48B1-4212-8CB8-82461A379AC3}.AQUILINERELEASE|Any CPU.ActiveCfg = AQUILINERELEASE|Any CPU
		{0BB37FD2-48B1-4212-8CB8-82461A379AC3}.AQUILINERELEASE|Any CPU.Build.0 = AQUILINERELEASE|Any CPU
		{0BB37FD2-48B1-4212-8CB8-82461A379AC3}.AQUILINERELEASE|Mixed Platforms.ActiveCfg = AQUILINERELEASE|x86
		{0BB37FD2-48B1-4212-8CB8-82461A379AC3}.AQUILINERELEASE|Mixed Platforms.Build.0 = AQUILINERELEASE|x86
		{0BB37FD2-48B1-4212-8CB8-82461A379AC3}.AQUILINERELEASE|x64.ActiveCfg = AQUILINERELEASE|x64
		{0BB37FD2-48B1-4212-8CB8-82461A379AC3}.AQUILINERELEASE|x64.Build.0 = AQUILINERELEASE|x64
		{0BB37FD2-48B1-4212-8CB8-82461A379AC3}.AQUILINERELEASE|x86.ActiveCfg = AQUILINERELEASE|x86
		{0BB37FD2-48B1-4212-8CB8-82461A379AC3}.AQUILINERELEASE|x86.Build.0 = AQUILINERELEASE|x86
		{0BB37FD2-48B1-4212-8CB8-82461A379AC3}.Debug|Any CPU.ActiveCfg = Debug|Any CPU
		{0BB37FD2-48B1-4212-8CB8-82461A379AC3}.Debug|Any CPU.Build.0 = Debug|Any CPU
		{0BB37FD2-48B1-4212-8CB8-82461A379AC3}.Debug|Mixed Platforms.ActiveCfg = Debug|x86
		{0BB37FD2-48B1-4212-8CB8-82461A379AC3}.Debug|Mixed Platforms.Build.0 = Debug|x86
		{0BB37FD2-48B1-4212-8CB8-82461A379AC3}.Debug|x64.ActiveCfg = Debug|x64
		{0BB37FD2-48B1-4212-8CB8-82461A379AC3}.Debug|x64.Build.0 = Debug|x64
		{0BB37FD2-48B1-4212-8CB8-82461A379AC3}.Debug|x86.ActiveCfg = Debug|x86
		{0BB37FD2-48B1-4212-8CB8-82461A379AC3}.Debug|x86.Build.0 = Debug|x86
		{0BB37FD2-48B1-4212-8CB8-82461A379AC3}.DEMO|Any CPU.ActiveCfg = DEMO|Any CPU
		{0BB37FD2-48B1-4212-8CB8-82461A379AC3}.DEMO|Any CPU.Build.0 = DEMO|Any CPU
		{0BB37FD2-48B1-4212-8CB8-82461A379AC3}.DEMO|Mixed Platforms.ActiveCfg = DEMO|x86
		{0BB37FD2-48B1-4212-8CB8-82461A379AC3}.DEMO|Mixed Platforms.Build.0 = DEMO|x86
		{0BB37FD2-48B1-4212-8CB8-82461A379AC3}.DEMO|x64.ActiveCfg = DEMO|x64
		{0BB37FD2-48B1-4212-8CB8-82461A379AC3}.DEMO|x64.Build.0 = DEMO|x64
		{0BB37FD2-48B1-4212-8CB8-82461A379AC3}.DEMO|x86.ActiveCfg = DEMO|x86
		{0BB37FD2-48B1-4212-8CB8-82461A379AC3}.DEMO|x86.Build.0 = DEMO|x86
		{0BB37FD2-48B1-4212-8CB8-82461A379AC3}.Release|Any CPU.ActiveCfg = Release|Any CPU
		{0BB37FD2-48B1-4212-8CB8-82461A379AC3}.Release|Any CPU.Build.0 = Release|Any CPU
		{0BB37FD2-48B1-4212-8CB8-82461A379AC3}.Release|Mixed Platforms.ActiveCfg = Release|x64
		{0BB37FD2-48B1-4212-8CB8-82461A379AC3}.Release|Mixed Platforms.Build.0 = Release|x64
		{0BB37FD2-48B1-4212-8CB8-82461A379AC3}.Release|x64.ActiveCfg = Release|x64
		{0BB37FD2-48B1-4212-8CB8-82461A379AC3}.Release|x64.Build.0 = Release|x64
		{0BB37FD2-48B1-4212-8CB8-82461A379AC3}.Release|x86.ActiveCfg = Release|x86
		{0BB37FD2-48B1-4212-8CB8-82461A379AC3}.Release|x86.Build.0 = Release|x86
		{0BB37FD2-48B1-4212-8CB8-82461A379AC3}.ScatDebug|Any CPU.ActiveCfg = Debug|Any CPU
		{0BB37FD2-48B1-4212-8CB8-82461A379AC3}.ScatDebug|Any CPU.Build.0 = Debug|Any CPU
		{0BB37FD2-48B1-4212-8CB8-82461A379AC3}.ScatDebug|Mixed Platforms.ActiveCfg = AQUILINEDEBUG|x86
		{0BB37FD2-48B1-4212-8CB8-82461A379AC3}.ScatDebug|Mixed Platforms.Build.0 = AQUILINEDEBUG|x86
		{0BB37FD2-48B1-4212-8CB8-82461A379AC3}.ScatDebug|x64.ActiveCfg = Debug|x64
		{0BB37FD2-48B1-4212-8CB8-82461A379AC3}.ScatDebug|x64.Build.0 = Debug|x64
		{0BB37FD2-48B1-4212-8CB8-82461A379AC3}.ScatDebug|x86.ActiveCfg = Debug|x86
		{0BB37FD2-48B1-4212-8CB8-82461A379AC3}.ScatDebug|x86.Build.0 = Debug|x86
		{0BB37FD2-48B1-4212-8CB8-82461A379AC3}.ScatRelease|Any CPU.ActiveCfg = AQUILINERELEASE|Any CPU
		{0BB37FD2-48B1-4212-8CB8-82461A379AC3}.ScatRelease|Any CPU.Build.0 = AQUILINERELEASE|Any CPU
		{0BB37FD2-48B1-4212-8CB8-82461A379AC3}.ScatRelease|Mixed Platforms.ActiveCfg = AQUILINERELEASE|x86
		{0BB37FD2-48B1-4212-8CB8-82461A379AC3}.ScatRelease|Mixed Platforms.Build.0 = AQUILINERELEASE|x86
		{0BB37FD2-48B1-4212-8CB8-82461A379AC3}.ScatRelease|x64.ActiveCfg = AQUILINERELEASE|x64
		{0BB37FD2-48B1-4212-8CB8-82461A379AC3}.ScatRelease|x64.Build.0 = AQUILINERELEASE|x64
		{0BB37FD2-48B1-4212-8CB8-82461A379AC3}.ScatRelease|x86.ActiveCfg = AQUILINERELEASE|x86
		{0BB37FD2-48B1-4212-8CB8-82461A379AC3}.ScatRelease|x86.Build.0 = AQUILINERELEASE|x86
		{C56BB11D-5043-4A8B-8288-A7199B76B570}.AQUILINEDEBUG|Any CPU.ActiveCfg = AQUILINEDEBUG|Any CPU
		{C56BB11D-5043-4A8B-8288-A7199B76B570}.AQUILINEDEBUG|Any CPU.Build.0 = AQUILINEDEBUG|Any CPU
		{C56BB11D-5043-4A8B-8288-A7199B76B570}.AQUILINEDEBUG|Mixed Platforms.ActiveCfg = AQUILINEDEBUG|Any CPU
		{C56BB11D-5043-4A8B-8288-A7199B76B570}.AQUILINEDEBUG|Mixed Platforms.Build.0 = AQUILINEDEBUG|Any CPU
		{C56BB11D-5043-4A8B-8288-A7199B76B570}.AQUILINEDEBUG|x64.ActiveCfg = AQUILINEDEBUG|x64
		{C56BB11D-5043-4A8B-8288-A7199B76B570}.AQUILINEDEBUG|x64.Build.0 = AQUILINEDEBUG|x64
		{C56BB11D-5043-4A8B-8288-A7199B76B570}.AQUILINEDEBUG|x86.ActiveCfg = AQUILINEDEBUG|x86
		{C56BB11D-5043-4A8B-8288-A7199B76B570}.AQUILINEDEBUG|x86.Build.0 = AQUILINEDEBUG|x86
		{C56BB11D-5043-4A8B-8288-A7199B76B570}.AQUILINERELEASE|Any CPU.ActiveCfg = AQUILINERELEASE|Any CPU
		{C56BB11D-5043-4A8B-8288-A7199B76B570}.AQUILINERELEASE|Any CPU.Build.0 = AQUILINERELEASE|Any CPU
		{C56BB11D-5043-4A8B-8288-A7199B76B570}.AQUILINERELEASE|Mixed Platforms.ActiveCfg = AQUILINERELEASE|x86
		{C56BB11D-5043-4A8B-8288-A7199B76B570}.AQUILINERELEASE|Mixed Platforms.Build.0 = AQUILINERELEASE|x86
		{C56BB11D-5043-4A8B-8288-A7199B76B570}.AQUILINERELEASE|x64.ActiveCfg = AQUILINERELEASE|x64
		{C56BB11D-5043-4A8B-8288-A7199B76B570}.AQUILINERELEASE|x64.Build.0 = AQUILINERELEASE|x64
		{C56BB11D-5043-4A8B-8288-A7199B76B570}.AQUILINERELEASE|x86.ActiveCfg = AQUILINERELEASE|x86
		{C56BB11D-5043-4A8B-8288-A7199B76B570}.AQUILINERELEASE|x86.Build.0 = AQUILINERELEASE|x86
		{C56BB11D-5043-4A8B-8288-A7199B76B570}.Debug|Any CPU.ActiveCfg = Debug|Any CPU
		{C56BB11D-5043-4A8B-8288-A7199B76B570}.Debug|Any CPU.Build.0 = Debug|Any CPU
		{C56BB11D-5043-4A8B-8288-A7199B76B570}.Debug|Mixed Platforms.ActiveCfg = Debug|x86
		{C56BB11D-5043-4A8B-8288-A7199B76B570}.Debug|Mixed Platforms.Build.0 = Debug|x86
		{C56BB11D-5043-4A8B-8288-A7199B76B570}.Debug|x64.ActiveCfg = Debug|x64
		{C56BB11D-5043-4A8B-8288-A7199B76B570}.Debug|x64.Build.0 = Debug|x64
		{C56BB11D-5043-4A8B-8288-A7199B76B570}.Debug|x86.ActiveCfg = Debug|x86
		{C56BB11D-5043-4A8B-8288-A7199B76B570}.Debug|x86.Build.0 = Debug|x86
		{C56BB11D-5043-4A8B-8288-A7199B76B570}.DEMO|Any CPU.ActiveCfg = DEMO|Any CPU
		{C56BB11D-5043-4A8B-8288-A7199B76B570}.DEMO|Any CPU.Build.0 = DEMO|Any CPU
		{C56BB11D-5043-4A8B-8288-A7199B76B570}.DEMO|Mixed Platforms.ActiveCfg = DEMO|x86
		{C56BB11D-5043-4A8B-8288-A7199B76B570}.DEMO|Mixed Platforms.Build.0 = DEMO|x86
		{C56BB11D-5043-4A8B-8288-A7199B76B570}.DEMO|x64.ActiveCfg = DEMO|x64
		{C56BB11D-5043-4A8B-8288-A7199B76B570}.DEMO|x64.Build.0 = DEMO|x64
		{C56BB11D-5043-4A8B-8288-A7199B76B570}.DEMO|x86.ActiveCfg = DEMO|x86
		{C56BB11D-5043-4A8B-8288-A7199B76B570}.DEMO|x86.Build.0 = DEMO|x86
		{C56BB11D-5043-4A8B-8288-A7199B76B570}.Release|Any CPU.ActiveCfg = Release|Any CPU
		{C56BB11D-5043-4A8B-8288-A7199B76B570}.Release|Any CPU.Build.0 = Release|Any CPU
		{C56BB11D-5043-4A8B-8288-A7199B76B570}.Release|Mixed Platforms.ActiveCfg = Release|x64
		{C56BB11D-5043-4A8B-8288-A7199B76B570}.Release|Mixed Platforms.Build.0 = Release|x64
		{C56BB11D-5043-4A8B-8288-A7199B76B570}.Release|x64.ActiveCfg = Release|x64
		{C56BB11D-5043-4A8B-8288-A7199B76B570}.Release|x64.Build.0 = Release|x64
		{C56BB11D-5043-4A8B-8288-A7199B76B570}.Release|x86.ActiveCfg = Release|x86
		{C56BB11D-5043-4A8B-8288-A7199B76B570}.Release|x86.Build.0 = Release|x86
		{C56BB11D-5043-4A8B-8288-A7199B76B570}.ScatDebug|Any CPU.ActiveCfg = Debug|Any CPU
		{C56BB11D-5043-4A8B-8288-A7199B76B570}.ScatDebug|Any CPU.Build.0 = Debug|Any CPU
		{C56BB11D-5043-4A8B-8288-A7199B76B570}.ScatDebug|Mixed Platforms.ActiveCfg = AQUILINEDEBUG|x86
		{C56BB11D-5043-4A8B-8288-A7199B76B570}.ScatDebug|Mixed Platforms.Build.0 = AQUILINEDEBUG|x86
		{C56BB11D-5043-4A8B-8288-A7199B76B570}.ScatDebug|x64.ActiveCfg = Debug|x64
		{C56BB11D-5043-4A8B-8288-A7199B76B570}.ScatDebug|x64.Build.0 = Debug|x64
		{C56BB11D-5043-4A8B-8288-A7199B76B570}.ScatDebug|x86.ActiveCfg = Debug|x86
		{C56BB11D-5043-4A8B-8288-A7199B76B570}.ScatDebug|x86.Build.0 = Debug|x86
		{C56BB11D-5043-4A8B-8288-A7199B76B570}.ScatRelease|Any CPU.ActiveCfg = AQUILINERELEASE|Any CPU
		{C56BB11D-5043-4A8B-8288-A7199B76B570}.ScatRelease|Any CPU.Build.0 = AQUILINERELEASE|Any CPU
		{C56BB11D-5043-4A8B-8288-A7199B76B570}.ScatRelease|Mixed Platforms.ActiveCfg = AQUILINERELEASE|x86
		{C56BB11D-5043-4A8B-8288-A7199B76B570}.ScatRelease|Mixed Platforms.Build.0 = AQUILINERELEASE|x86
		{C56BB11D-5043-4A8B-8288-A7199B76B570}.ScatRelease|x64.ActiveCfg = AQUILINERELEASE|x64
		{C56BB11D-5043-4A8B-8288-A7199B76B570}.ScatRelease|x64.Build.0 = AQUILINERELEASE|x64
		{C56BB11D-5043-4A8B-8288-A7199B76B570}.ScatRelease|x86.ActiveCfg = AQUILINERELEASE|x86
		{C56BB11D-5043-4A8B-8288-A7199B76B570}.ScatRelease|x86.Build.0 = AQUILINERELEASE|x86
		{309FB449-9735-4260-A489-C2F3AA23565E}.AQUILINEDEBUG|Any CPU.ActiveCfg = AQUILINEDEBUG|Any CPU
		{309FB449-9735-4260-A489-C2F3AA23565E}.AQUILINEDEBUG|Any CPU.Build.0 = AQUILINEDEBUG|Any CPU
		{309FB449-9735-4260-A489-C2F3AA23565E}.AQUILINEDEBUG|Mixed Platforms.ActiveCfg = AQUILINEDEBUG|x86
		{309FB449-9735-4260-A489-C2F3AA23565E}.AQUILINEDEBUG|Mixed Platforms.Build.0 = AQUILINEDEBUG|x86
		{309FB449-9735-4260-A489-C2F3AA23565E}.AQUILINEDEBUG|x64.ActiveCfg = AQUILINEDEBUG|x64
		{309FB449-9735-4260-A489-C2F3AA23565E}.AQUILINEDEBUG|x64.Build.0 = AQUILINEDEBUG|x64
		{309FB449-9735-4260-A489-C2F3AA23565E}.AQUILINEDEBUG|x86.ActiveCfg = AQUILINEDEBUG|x86
		{309FB449-9735-4260-A489-C2F3AA23565E}.AQUILINEDEBUG|x86.Build.0 = AQUILINEDEBUG|x86
		{309FB449-9735-4260-A489-C2F3AA23565E}.AQUILINERELEASE|Any CPU.ActiveCfg = AQUILINERELEASE|Any CPU
		{309FB449-9735-4260-A489-C2F3AA23565E}.AQUILINERELEASE|Any CPU.Build.0 = AQUILINERELEASE|Any CPU
		{309FB449-9735-4260-A489-C2F3AA23565E}.AQUILINERELEASE|Mixed Platforms.ActiveCfg = AQUILINERELEASE|x86
		{309FB449-9735-4260-A489-C2F3AA23565E}.AQUILINERELEASE|Mixed Platforms.Build.0 = AQUILINERELEASE|x86
		{309FB449-9735-4260-A489-C2F3AA23565E}.AQUILINERELEASE|x64.ActiveCfg = AQUILINERELEASE|x64
		{309FB449-9735-4260-A489-C2F3AA23565E}.AQUILINERELEASE|x64.Build.0 = AQUILINERELEASE|x64
		{309FB449-9735-4260-A489-C2F3AA23565E}.AQUILINERELEASE|x86.ActiveCfg = AQUILINERELEASE|x86
		{309FB449-9735-4260-A489-C2F3AA23565E}.AQUILINERELEASE|x86.Build.0 = AQUILINERELEASE|x86
		{309FB449-9735-4260-A489-C2F3AA23565E}.Debug|Any CPU.ActiveCfg = Debug|Any CPU
		{309FB449-9735-4260-A489-C2F3AA23565E}.Debug|Any CPU.Build.0 = Debug|Any CPU
		{309FB449-9735-4260-A489-C2F3AA23565E}.Debug|Mixed Platforms.ActiveCfg = Debug|x86
		{309FB449-9735-4260-A489-C2F3AA23565E}.Debug|Mixed Platforms.Build.0 = Debug|x86
		{309FB449-9735-4260-A489-C2F3AA23565E}.Debug|x64.ActiveCfg = Debug|x64
		{309FB449-9735-4260-A489-C2F3AA23565E}.Debug|x64.Build.0 = Debug|x64
		{309FB449-9735-4260-A489-C2F3AA23565E}.Debug|x86.ActiveCfg = Debug|x86
		{309FB449-9735-4260-A489-C2F3AA23565E}.Debug|x86.Build.0 = Debug|x86
		{309FB449-9735-4260-A489-C2F3AA23565E}.DEMO|Any CPU.ActiveCfg = DEMO|Any CPU
		{309FB449-9735-4260-A489-C2F3AA23565E}.DEMO|Any CPU.Build.0 = DEMO|Any CPU
		{309FB449-9735-4260-A489-C2F3AA23565E}.DEMO|Mixed Platforms.ActiveCfg = DEMO|x86
		{309FB449-9735-4260-A489-C2F3AA23565E}.DEMO|Mixed Platforms.Build.0 = DEMO|x86
		{309FB449-9735-4260-A489-C2F3AA23565E}.DEMO|x64.ActiveCfg = DEMO|x64
		{309FB449-9735-4260-A489-C2F3AA23565E}.DEMO|x64.Build.0 = DEMO|x64
		{309FB449-9735-4260-A489-C2F3AA23565E}.DEMO|x86.ActiveCfg = DEMO|x86
		{309FB449-9735-4260-A489-C2F3AA23565E}.DEMO|x86.Build.0 = DEMO|x86
		{309FB449-9735-4260-A489-C2F3AA23565E}.Release|Any CPU.ActiveCfg = Release|Any CPU
		{309FB449-9735-4260-A489-C2F3AA23565E}.Release|Any CPU.Build.0 = Release|Any CPU
		{309FB449-9735-4260-A489-C2F3AA23565E}.Release|Mixed Platforms.ActiveCfg = Release|x64
		{309FB449-9735-4260-A489-C2F3AA23565E}.Release|Mixed Platforms.Build.0 = Release|x64
		{309FB449-9735-4260-A489-C2F3AA23565E}.Release|x64.ActiveCfg = Release|x64
		{309FB449-9735-4260-A489-C2F3AA23565E}.Release|x64.Build.0 = Release|x64
		{309FB449-9735-4260-A489-C2F3AA23565E}.Release|x86.ActiveCfg = Release|x86
		{309FB449-9735-4260-A489-C2F3AA23565E}.Release|x86.Build.0 = Release|x86
		{309FB449-9735-4260-A489-C2F3AA23565E}.ScatDebug|Any CPU.ActiveCfg = ScatDebug|Any CPU
		{309FB449-9735-4260-A489-C2F3AA23565E}.ScatDebug|Any CPU.Build.0 = ScatDebug|Any CPU
		{309FB449-9735-4260-A489-C2F3AA23565E}.ScatDebug|Mixed Platforms.ActiveCfg = ScatDebug|x86
		{309FB449-9735-4260-A489-C2F3AA23565E}.ScatDebug|Mixed Platforms.Build.0 = ScatDebug|x86
		{309FB449-9735-4260-A489-C2F3AA23565E}.ScatDebug|x64.ActiveCfg = ScatDebug|x64
		{309FB449-9735-4260-A489-C2F3AA23565E}.ScatDebug|x64.Build.0 = ScatDebug|x64
		{309FB449-9735-4260-A489-C2F3AA23565E}.ScatDebug|x86.ActiveCfg = ScatDebug|x86
		{309FB449-9735-4260-A489-C2F3AA23565E}.ScatDebug|x86.Build.0 = ScatDebug|x86
		{309FB449-9735-4260-A489-C2F3AA23565E}.ScatRelease|Any CPU.ActiveCfg = ScatRelease|Any CPU
		{309FB449-9735-4260-A489-C2F3AA23565E}.ScatRelease|Any CPU.Build.0 = ScatRelease|Any CPU
		{309FB449-9735-4260-A489-C2F3AA23565E}.ScatRelease|Mixed Platforms.ActiveCfg = ScatRelease|x86
		{309FB449-9735-4260-A489-C2F3AA23565E}.ScatRelease|Mixed Platforms.Build.0 = ScatRelease|x86
		{309FB449-9735-4260-A489-C2F3AA23565E}.ScatRelease|x64.ActiveCfg = AQUILINERELEASE|x64
		{309FB449-9735-4260-A489-C2F3AA23565E}.ScatRelease|x64.Build.0 = AQUILINERELEASE|x64
		{309FB449-9735-4260-A489-C2F3AA23565E}.ScatRelease|x86.ActiveCfg = AQUILINERELEASE|x86
		{309FB449-9735-4260-A489-C2F3AA23565E}.ScatRelease|x86.Build.0 = AQUILINERELEASE|x86
		{9C7822B3-F9CC-436A-97A0-FDF02E31524D}.AQUILINEDEBUG|Any CPU.ActiveCfg = AQUILINEDEBUG|Any CPU
		{9C7822B3-F9CC-436A-97A0-FDF02E31524D}.AQUILINEDEBUG|Any CPU.Build.0 = AQUILINEDEBUG|Any CPU
		{9C7822B3-F9CC-436A-97A0-FDF02E31524D}.AQUILINEDEBUG|Mixed Platforms.ActiveCfg = AQUILINEDEBUG|x86
		{9C7822B3-F9CC-436A-97A0-FDF02E31524D}.AQUILINEDEBUG|Mixed Platforms.Build.0 = AQUILINEDEBUG|x86
		{9C7822B3-F9CC-436A-97A0-FDF02E31524D}.AQUILINEDEBUG|x64.ActiveCfg = AQUILINEDEBUG|x64
		{9C7822B3-F9CC-436A-97A0-FDF02E31524D}.AQUILINEDEBUG|x64.Build.0 = AQUILINEDEBUG|x64
		{9C7822B3-F9CC-436A-97A0-FDF02E31524D}.AQUILINEDEBUG|x86.ActiveCfg = AQUILINEDEBUG|x86
		{9C7822B3-F9CC-436A-97A0-FDF02E31524D}.AQUILINEDEBUG|x86.Build.0 = AQUILINEDEBUG|x86
		{9C7822B3-F9CC-436A-97A0-FDF02E31524D}.AQUILINERELEASE|Any CPU.ActiveCfg = AQUILINERELEASE|Any CPU
		{9C7822B3-F9CC-436A-97A0-FDF02E31524D}.AQUILINERELEASE|Any CPU.Build.0 = AQUILINERELEASE|Any CPU
		{9C7822B3-F9CC-436A-97A0-FDF02E31524D}.AQUILINERELEASE|Mixed Platforms.ActiveCfg = AQUILINERELEASE|x86
		{9C7822B3-F9CC-436A-97A0-FDF02E31524D}.AQUILINERELEASE|Mixed Platforms.Build.0 = AQUILINERELEASE|x86
		{9C7822B3-F9CC-436A-97A0-FDF02E31524D}.AQUILINERELEASE|x64.ActiveCfg = AQUILINERELEASE|x64
		{9C7822B3-F9CC-436A-97A0-FDF02E31524D}.AQUILINERELEASE|x64.Build.0 = AQUILINERELEASE|x64
		{9C7822B3-F9CC-436A-97A0-FDF02E31524D}.AQUILINERELEASE|x86.ActiveCfg = AQUILINERELEASE|x86
		{9C7822B3-F9CC-436A-97A0-FDF02E31524D}.AQUILINERELEASE|x86.Build.0 = AQUILINERELEASE|x86
		{9C7822B3-F9CC-436A-97A0-FDF02E31524D}.Debug|Any CPU.ActiveCfg = Debug|Any CPU
		{9C7822B3-F9CC-436A-97A0-FDF02E31524D}.Debug|Any CPU.Build.0 = Debug|Any CPU
		{9C7822B3-F9CC-436A-97A0-FDF02E31524D}.Debug|Mixed Platforms.ActiveCfg = Debug|x86
		{9C7822B3-F9CC-436A-97A0-FDF02E31524D}.Debug|Mixed Platforms.Build.0 = Debug|x86
		{9C7822B3-F9CC-436A-97A0-FDF02E31524D}.Debug|x64.ActiveCfg = Debug|x64
		{9C7822B3-F9CC-436A-97A0-FDF02E31524D}.Debug|x64.Build.0 = Debug|x64
		{9C7822B3-F9CC-436A-97A0-FDF02E31524D}.Debug|x86.ActiveCfg = Debug|x86
		{9C7822B3-F9CC-436A-97A0-FDF02E31524D}.Debug|x86.Build.0 = Debug|x86
		{9C7822B3-F9CC-436A-97A0-FDF02E31524D}.DEMO|Any CPU.ActiveCfg = DEMO|Any CPU
		{9C7822B3-F9CC-436A-97A0-FDF02E31524D}.DEMO|Any CPU.Build.0 = DEMO|Any CPU
		{9C7822B3-F9CC-436A-97A0-FDF02E31524D}.DEMO|Mixed Platforms.ActiveCfg = DEMO|x86
		{9C7822B3-F9CC-436A-97A0-FDF02E31524D}.DEMO|Mixed Platforms.Build.0 = DEMO|x86
		{9C7822B3-F9CC-436A-97A0-FDF02E31524D}.DEMO|x64.ActiveCfg = DEMO|x64
		{9C7822B3-F9CC-436A-97A0-FDF02E31524D}.DEMO|x64.Build.0 = DEMO|x64
		{9C7822B3-F9CC-436A-97A0-FDF02E31524D}.DEMO|x86.ActiveCfg = DEMO|x86
		{9C7822B3-F9CC-436A-97A0-FDF02E31524D}.DEMO|x86.Build.0 = DEMO|x86
		{9C7822B3-F9CC-436A-97A0-FDF02E31524D}.Release|Any CPU.ActiveCfg = Release|Any CPU
		{9C7822B3-F9CC-436A-97A0-FDF02E31524D}.Release|Any CPU.Build.0 = Release|Any CPU
		{9C7822B3-F9CC-436A-97A0-FDF02E31524D}.Release|Mixed Platforms.ActiveCfg = Release|x64
		{9C7822B3-F9CC-436A-97A0-FDF02E31524D}.Release|Mixed Platforms.Build.0 = Release|x64
		{9C7822B3-F9CC-436A-97A0-FDF02E31524D}.Release|x64.ActiveCfg = Release|x64
		{9C7822B3-F9CC-436A-97A0-FDF02E31524D}.Release|x64.Build.0 = Release|x64
		{9C7822B3-F9CC-436A-97A0-FDF02E31524D}.Release|x86.ActiveCfg = Release|x86
		{9C7822B3-F9CC-436A-97A0-FDF02E31524D}.Release|x86.Build.0 = Release|x86
		{9C7822B3-F9CC-436A-97A0-FDF02E31524D}.ScatDebug|Any CPU.ActiveCfg = Debug|Any CPU
		{9C7822B3-F9CC-436A-97A0-FDF02E31524D}.ScatDebug|Any CPU.Build.0 = Debug|Any CPU
		{9C7822B3-F9CC-436A-97A0-FDF02E31524D}.ScatDebug|Mixed Platforms.ActiveCfg = AQUILINEDEBUG|x86
		{9C7822B3-F9CC-436A-97A0-FDF02E31524D}.ScatDebug|Mixed Platforms.Build.0 = AQUILINEDEBUG|x86
		{9C7822B3-F9CC-436A-97A0-FDF02E31524D}.ScatDebug|x64.ActiveCfg = Debug|x64
		{9C7822B3-F9CC-436A-97A0-FDF02E31524D}.ScatDebug|x64.Build.0 = Debug|x64
		{9C7822B3-F9CC-436A-97A0-FDF02E31524D}.ScatDebug|x86.ActiveCfg = Debug|x86
		{9C7822B3-F9CC-436A-97A0-FDF02E31524D}.ScatDebug|x86.Build.0 = Debug|x86
		{9C7822B3-F9CC-436A-97A0-FDF02E31524D}.ScatRelease|Any CPU.ActiveCfg = AQUILINERELEASE|Any CPU
		{9C7822B3-F9CC-436A-97A0-FDF02E31524D}.ScatRelease|Any CPU.Build.0 = AQUILINERELEASE|Any CPU
		{9C7822B3-F9CC-436A-97A0-FDF02E31524D}.ScatRelease|Mixed Platforms.ActiveCfg = AQUILINERELEASE|x86
		{9C7822B3-F9CC-436A-97A0-FDF02E31524D}.ScatRelease|Mixed Platforms.Build.0 = AQUILINERELEASE|x86
		{9C7822B3-F9CC-436A-97A0-FDF02E31524D}.ScatRelease|x64.ActiveCfg = AQUILINERELEASE|x64
		{9C7822B3-F9CC-436A-97A0-FDF02E31524D}.ScatRelease|x64.Build.0 = AQUILINERELEASE|x64
		{9C7822B3-F9CC-436A-97A0-FDF02E31524D}.ScatRelease|x86.ActiveCfg = AQUILINERELEASE|x86
		{9C7822B3-F9CC-436A-97A0-FDF02E31524D}.ScatRelease|x86.Build.0 = AQUILINERELEASE|x86
		{2212B211-134F-4D16-974A-73AB657EA5F8}.AQUILINEDEBUG|Any CPU.ActiveCfg = AQUILINEDEBUG|Any CPU
		{2212B211-134F-4D16-974A-73AB657EA5F8}.AQUILINEDEBUG|Any CPU.Build.0 = AQUILINEDEBUG|Any CPU
		{2212B211-134F-4D16-974A-73AB657EA5F8}.AQUILINEDEBUG|Mixed Platforms.ActiveCfg = AQUILINEDEBUG|x86
		{2212B211-134F-4D16-974A-73AB657EA5F8}.AQUILINEDEBUG|Mixed Platforms.Build.0 = AQUILINEDEBUG|x86
		{2212B211-134F-4D16-974A-73AB657EA5F8}.AQUILINEDEBUG|x64.ActiveCfg = AQUILINEDEBUG|Any CPU
		{2212B211-134F-4D16-974A-73AB657EA5F8}.AQUILINEDEBUG|x86.ActiveCfg = AQUILINEDEBUG|x86
		{2212B211-134F-4D16-974A-73AB657EA5F8}.AQUILINEDEBUG|x86.Build.0 = AQUILINEDEBUG|x86
		{2212B211-134F-4D16-974A-73AB657EA5F8}.AQUILINERELEASE|Any CPU.ActiveCfg = AQUILINERELEASE|Any CPU
		{2212B211-134F-4D16-974A-73AB657EA5F8}.AQUILINERELEASE|Any CPU.Build.0 = AQUILINERELEASE|Any CPU
		{2212B211-134F-4D16-974A-73AB657EA5F8}.AQUILINERELEASE|Mixed Platforms.ActiveCfg = AQUILINERELEASE|x86
		{2212B211-134F-4D16-974A-73AB657EA5F8}.AQUILINERELEASE|Mixed Platforms.Build.0 = AQUILINERELEASE|x86
		{2212B211-134F-4D16-974A-73AB657EA5F8}.AQUILINERELEASE|x64.ActiveCfg = AQUILINERELEASE|Any CPU
		{2212B211-134F-4D16-974A-73AB657EA5F8}.AQUILINERELEASE|x86.ActiveCfg = AQUILINERELEASE|x86
		{2212B211-134F-4D16-974A-73AB657EA5F8}.AQUILINERELEASE|x86.Build.0 = AQUILINERELEASE|x86
		{2212B211-134F-4D16-974A-73AB657EA5F8}.Debug|Any CPU.ActiveCfg = Debug|Any CPU
		{2212B211-134F-4D16-974A-73AB657EA5F8}.Debug|Any CPU.Build.0 = Debug|Any CPU
		{2212B211-134F-4D16-974A-73AB657EA5F8}.Debug|Mixed Platforms.ActiveCfg = Debug|x86
		{2212B211-134F-4D16-974A-73AB657EA5F8}.Debug|Mixed Platforms.Build.0 = Debug|x86
		{2212B211-134F-4D16-974A-73AB657EA5F8}.Debug|x64.ActiveCfg = Debug|Any CPU
		{2212B211-134F-4D16-974A-73AB657EA5F8}.Debug|x86.ActiveCfg = Debug|x86
		{2212B211-134F-4D16-974A-73AB657EA5F8}.Debug|x86.Build.0 = Debug|x86
		{2212B211-134F-4D16-974A-73AB657EA5F8}.DEMO|Any CPU.ActiveCfg = DEMO|Any CPU
		{2212B211-134F-4D16-974A-73AB657EA5F8}.DEMO|Any CPU.Build.0 = DEMO|Any CPU
		{2212B211-134F-4D16-974A-73AB657EA5F8}.DEMO|Mixed Platforms.ActiveCfg = DEMO|x86
		{2212B211-134F-4D16-974A-73AB657EA5F8}.DEMO|Mixed Platforms.Build.0 = DEMO|x86
		{2212B211-134F-4D16-974A-73AB657EA5F8}.DEMO|x64.ActiveCfg = DEMO|Any CPU
		{2212B211-134F-4D16-974A-73AB657EA5F8}.DEMO|x64.Build.0 = DEMO|Any CPU
		{2212B211-134F-4D16-974A-73AB657EA5F8}.DEMO|x86.ActiveCfg = DEMO|x86
		{2212B211-134F-4D16-974A-73AB657EA5F8}.DEMO|x86.Build.0 = DEMO|x86
		{2212B211-134F-4D16-974A-73AB657EA5F8}.Release|Any CPU.ActiveCfg = Release|Any CPU
		{2212B211-134F-4D16-974A-73AB657EA5F8}.Release|Any CPU.Build.0 = Release|Any CPU
		{2212B211-134F-4D16-974A-73AB657EA5F8}.Release|Mixed Platforms.ActiveCfg = Release|x86
		{2212B211-134F-4D16-974A-73AB657EA5F8}.Release|Mixed Platforms.Build.0 = Release|x86
		{2212B211-134F-4D16-974A-73AB657EA5F8}.Release|x64.ActiveCfg = Release|Any CPU
		{2212B211-134F-4D16-974A-73AB657EA5F8}.Release|x86.ActiveCfg = Release|x86
		{2212B211-134F-4D16-974A-73AB657EA5F8}.Release|x86.Build.0 = Release|x86
		{2212B211-134F-4D16-974A-73AB657EA5F8}.ScatDebug|Any CPU.ActiveCfg = Debug|Any CPU
		{2212B211-134F-4D16-974A-73AB657EA5F8}.ScatDebug|Any CPU.Build.0 = Debug|Any CPU
		{2212B211-134F-4D16-974A-73AB657EA5F8}.ScatDebug|Mixed Platforms.ActiveCfg = AQUILINEDEBUG|x86
		{2212B211-134F-4D16-974A-73AB657EA5F8}.ScatDebug|Mixed Platforms.Build.0 = AQUILINEDEBUG|x86
		{2212B211-134F-4D16-974A-73AB657EA5F8}.ScatDebug|x64.ActiveCfg = Debug|Any CPU
		{2212B211-134F-4D16-974A-73AB657EA5F8}.ScatDebug|x64.Build.0 = Debug|Any CPU
		{2212B211-134F-4D16-974A-73AB657EA5F8}.ScatDebug|x86.ActiveCfg = Debug|x86
		{2212B211-134F-4D16-974A-73AB657EA5F8}.ScatDebug|x86.Build.0 = Debug|x86
		{2212B211-134F-4D16-974A-73AB657EA5F8}.ScatRelease|Any CPU.ActiveCfg = AQUILINERELEASE|Any CPU
		{2212B211-134F-4D16-974A-73AB657EA5F8}.ScatRelease|Any CPU.Build.0 = AQUILINERELEASE|Any CPU
		{2212B211-134F-4D16-974A-73AB657EA5F8}.ScatRelease|Mixed Platforms.ActiveCfg = AQUILINERELEASE|x86
		{2212B211-134F-4D16-974A-73AB657EA5F8}.ScatRelease|Mixed Platforms.Build.0 = AQUILINERELEASE|x86
		{2212B211-134F-4D16-974A-73AB657EA5F8}.ScatRelease|x64.ActiveCfg = AQUILINERELEASE|Any CPU
		{2212B211-134F-4D16-974A-73AB657EA5F8}.ScatRelease|x86.ActiveCfg = AQUILINERELEASE|x86
		{2212B211-134F-4D16-974A-73AB657EA5F8}.ScatRelease|x86.Build.0 = AQUILINERELEASE|x86
		{D85F5EEF-016D-49B4-AB24-17C153EF42DC}.AQUILINEDEBUG|Any CPU.ActiveCfg = AQUILINEDEBUG|Any CPU
		{D85F5EEF-016D-49B4-AB24-17C153EF42DC}.AQUILINEDEBUG|Any CPU.Build.0 = AQUILINEDEBUG|Any CPU
		{D85F5EEF-016D-49B4-AB24-17C153EF42DC}.AQUILINEDEBUG|Mixed Platforms.ActiveCfg = AQUILINEDEBUG|x86
		{D85F5EEF-016D-49B4-AB24-17C153EF42DC}.AQUILINEDEBUG|Mixed Platforms.Build.0 = AQUILINEDEBUG|x86
		{D85F5EEF-016D-49B4-AB24-17C153EF42DC}.AQUILINEDEBUG|x64.ActiveCfg = AQUILINEDEBUG|Any CPU
		{D85F5EEF-016D-49B4-AB24-17C153EF42DC}.AQUILINEDEBUG|x86.ActiveCfg = AQUILINEDEBUG|x86
		{D85F5EEF-016D-49B4-AB24-17C153EF42DC}.AQUILINEDEBUG|x86.Build.0 = AQUILINEDEBUG|x86
		{D85F5EEF-016D-49B4-AB24-17C153EF42DC}.AQUILINERELEASE|Any CPU.ActiveCfg = AQUILINERELEASE|Any CPU
		{D85F5EEF-016D-49B4-AB24-17C153EF42DC}.AQUILINERELEASE|Any CPU.Build.0 = AQUILINERELEASE|Any CPU
		{D85F5EEF-016D-49B4-AB24-17C153EF42DC}.AQUILINERELEASE|Mixed Platforms.ActiveCfg = AQUILINERELEASE|x86
		{D85F5EEF-016D-49B4-AB24-17C153EF42DC}.AQUILINERELEASE|Mixed Platforms.Build.0 = AQUILINERELEASE|x86
		{D85F5EEF-016D-49B4-AB24-17C153EF42DC}.AQUILINERELEASE|x64.ActiveCfg = AQUILINERELEASE|Any CPU
		{D85F5EEF-016D-49B4-AB24-17C153EF42DC}.AQUILINERELEASE|x86.ActiveCfg = AQUILINERELEASE|x86
		{D85F5EEF-016D-49B4-AB24-17C153EF42DC}.AQUILINERELEASE|x86.Build.0 = AQUILINERELEASE|x86
		{D85F5EEF-016D-49B4-AB24-17C153EF42DC}.Debug|Any CPU.ActiveCfg = Debug|Any CPU
		{D85F5EEF-016D-49B4-AB24-17C153EF42DC}.Debug|Any CPU.Build.0 = Debug|Any CPU
		{D85F5EEF-016D-49B4-AB24-17C153EF42DC}.Debug|Mixed Platforms.ActiveCfg = Debug|x86
		{D85F5EEF-016D-49B4-AB24-17C153EF42DC}.Debug|Mixed Platforms.Build.0 = Debug|x86
		{D85F5EEF-016D-49B4-AB24-17C153EF42DC}.Debug|x64.ActiveCfg = Debug|x86
		{D85F5EEF-016D-49B4-AB24-17C153EF42DC}.Debug|x86.ActiveCfg = Debug|x86
		{D85F5EEF-016D-49B4-AB24-17C153EF42DC}.Debug|x86.Build.0 = Debug|x86
		{D85F5EEF-016D-49B4-AB24-17C153EF42DC}.DEMO|Any CPU.ActiveCfg = DEMO|Any CPU
		{D85F5EEF-016D-49B4-AB24-17C153EF42DC}.DEMO|Any CPU.Build.0 = DEMO|Any CPU
		{D85F5EEF-016D-49B4-AB24-17C153EF42DC}.DEMO|Mixed Platforms.ActiveCfg = DEMO|x86
		{D85F5EEF-016D-49B4-AB24-17C153EF42DC}.DEMO|Mixed Platforms.Build.0 = DEMO|x86
		{D85F5EEF-016D-49B4-AB24-17C153EF42DC}.DEMO|x64.ActiveCfg = DEMO|Any CPU
		{D85F5EEF-016D-49B4-AB24-17C153EF42DC}.DEMO|x64.Build.0 = DEMO|Any CPU
		{D85F5EEF-016D-49B4-AB24-17C153EF42DC}.DEMO|x86.ActiveCfg = DEMO|x86
		{D85F5EEF-016D-49B4-AB24-17C153EF42DC}.DEMO|x86.Build.0 = DEMO|x86
		{D85F5EEF-016D-49B4-AB24-17C153EF42DC}.Release|Any CPU.ActiveCfg = Release|x86
		{D85F5EEF-016D-49B4-AB24-17C153EF42DC}.Release|Mixed Platforms.ActiveCfg = Release|Any CPU
		{D85F5EEF-016D-49B4-AB24-17C153EF42DC}.Release|Mixed Platforms.Build.0 = Release|Any CPU
		{D85F5EEF-016D-49B4-AB24-17C153EF42DC}.Release|x64.ActiveCfg = Release|x86
		{D85F5EEF-016D-49B4-AB24-17C153EF42DC}.Release|x86.ActiveCfg = Release|x86
		{D85F5EEF-016D-49B4-AB24-17C153EF42DC}.Release|x86.Build.0 = Release|x86
		{D85F5EEF-016D-49B4-AB24-17C153EF42DC}.ScatDebug|Any CPU.ActiveCfg = Debug|Any CPU
		{D85F5EEF-016D-49B4-AB24-17C153EF42DC}.ScatDebug|Any CPU.Build.0 = Debug|Any CPU
		{D85F5EEF-016D-49B4-AB24-17C153EF42DC}.ScatDebug|Mixed Platforms.ActiveCfg = AQUILINEDEBUG|x86
		{D85F5EEF-016D-49B4-AB24-17C153EF42DC}.ScatDebug|Mixed Platforms.Build.0 = AQUILINEDEBUG|x86
		{D85F5EEF-016D-49B4-AB24-17C153EF42DC}.ScatDebug|x64.ActiveCfg = Debug|Any CPU
		{D85F5EEF-016D-49B4-AB24-17C153EF42DC}.ScatDebug|x64.Build.0 = Debug|Any CPU
		{D85F5EEF-016D-49B4-AB24-17C153EF42DC}.ScatDebug|x86.ActiveCfg = Debug|x86
		{D85F5EEF-016D-49B4-AB24-17C153EF42DC}.ScatDebug|x86.Build.0 = Debug|x86
		{D85F5EEF-016D-49B4-AB24-17C153EF42DC}.ScatRelease|Any CPU.ActiveCfg = AQUILINERELEASE|Any CPU
		{D85F5EEF-016D-49B4-AB24-17C153EF42DC}.ScatRelease|Any CPU.Build.0 = AQUILINERELEASE|Any CPU
		{D85F5EEF-016D-49B4-AB24-17C153EF42DC}.ScatRelease|Mixed Platforms.ActiveCfg = AQUILINERELEASE|x86
		{D85F5EEF-016D-49B4-AB24-17C153EF42DC}.ScatRelease|Mixed Platforms.Build.0 = AQUILINERELEASE|x86
		{D85F5EEF-016D-49B4-AB24-17C153EF42DC}.ScatRelease|x64.ActiveCfg = AQUILINERELEASE|Any CPU
		{D85F5EEF-016D-49B4-AB24-17C153EF42DC}.ScatRelease|x86.ActiveCfg = AQUILINERELEASE|x86
		{D85F5EEF-016D-49B4-AB24-17C153EF42DC}.ScatRelease|x86.Build.0 = AQUILINERELEASE|x86
		{DAF7BCE2-A3F0-4B4D-9B6E-2BB85B04EBCE}.AQUILINEDEBUG|Any CPU.ActiveCfg = AQUILINEDEBUG|Any CPU
		{DAF7BCE2-A3F0-4B4D-9B6E-2BB85B04EBCE}.AQUILINEDEBUG|Any CPU.Build.0 = AQUILINEDEBUG|Any CPU
		{DAF7BCE2-A3F0-4B4D-9B6E-2BB85B04EBCE}.AQUILINEDEBUG|Mixed Platforms.ActiveCfg = AQUILINEDEBUG|x86
		{DAF7BCE2-A3F0-4B4D-9B6E-2BB85B04EBCE}.AQUILINEDEBUG|Mixed Platforms.Build.0 = AQUILINEDEBUG|x86
		{DAF7BCE2-A3F0-4B4D-9B6E-2BB85B04EBCE}.AQUILINEDEBUG|x64.ActiveCfg = AQUILINEDEBUG|Any CPU
		{DAF7BCE2-A3F0-4B4D-9B6E-2BB85B04EBCE}.AQUILINEDEBUG|x86.ActiveCfg = AQUILINEDEBUG|x86
		{DAF7BCE2-A3F0-4B4D-9B6E-2BB85B04EBCE}.AQUILINEDEBUG|x86.Build.0 = AQUILINEDEBUG|x86
		{DAF7BCE2-A3F0-4B4D-9B6E-2BB85B04EBCE}.AQUILINERELEASE|Any CPU.ActiveCfg = AQUILINERELEASE|Any CPU
		{DAF7BCE2-A3F0-4B4D-9B6E-2BB85B04EBCE}.AQUILINERELEASE|Any CPU.Build.0 = AQUILINERELEASE|Any CPU
		{DAF7BCE2-A3F0-4B4D-9B6E-2BB85B04EBCE}.AQUILINERELEASE|Mixed Platforms.ActiveCfg = AQUILINERELEASE|x86
		{DAF7BCE2-A3F0-4B4D-9B6E-2BB85B04EBCE}.AQUILINERELEASE|Mixed Platforms.Build.0 = AQUILINERELEASE|x86
		{DAF7BCE2-A3F0-4B4D-9B6E-2BB85B04EBCE}.AQUILINERELEASE|x64.ActiveCfg = AQUILINERELEASE|Any CPU
		{DAF7BCE2-A3F0-4B4D-9B6E-2BB85B04EBCE}.AQUILINERELEASE|x86.ActiveCfg = AQUILINERELEASE|x86
		{DAF7BCE2-A3F0-4B4D-9B6E-2BB85B04EBCE}.AQUILINERELEASE|x86.Build.0 = AQUILINERELEASE|x86
		{DAF7BCE2-A3F0-4B4D-9B6E-2BB85B04EBCE}.Debug|Any CPU.ActiveCfg = Debug|Any CPU
		{DAF7BCE2-A3F0-4B4D-9B6E-2BB85B04EBCE}.Debug|Any CPU.Build.0 = Debug|Any CPU
		{DAF7BCE2-A3F0-4B4D-9B6E-2BB85B04EBCE}.Debug|Mixed Platforms.ActiveCfg = Debug|x86
		{DAF7BCE2-A3F0-4B4D-9B6E-2BB85B04EBCE}.Debug|Mixed Platforms.Build.0 = Debug|x86
		{DAF7BCE2-A3F0-4B4D-9B6E-2BB85B04EBCE}.Debug|x64.ActiveCfg = Debug|x86
		{DAF7BCE2-A3F0-4B4D-9B6E-2BB85B04EBCE}.Debug|x86.ActiveCfg = Debug|x86
		{DAF7BCE2-A3F0-4B4D-9B6E-2BB85B04EBCE}.Debug|x86.Build.0 = Debug|x86
		{DAF7BCE2-A3F0-4B4D-9B6E-2BB85B04EBCE}.DEMO|Any CPU.ActiveCfg = DEMO|Any CPU
		{DAF7BCE2-A3F0-4B4D-9B6E-2BB85B04EBCE}.DEMO|Any CPU.Build.0 = DEMO|Any CPU
		{DAF7BCE2-A3F0-4B4D-9B6E-2BB85B04EBCE}.DEMO|Mixed Platforms.ActiveCfg = DEMO|x86
		{DAF7BCE2-A3F0-4B4D-9B6E-2BB85B04EBCE}.DEMO|Mixed Platforms.Build.0 = DEMO|x86
		{DAF7BCE2-A3F0-4B4D-9B6E-2BB85B04EBCE}.DEMO|x64.ActiveCfg = DEMO|Any CPU
		{DAF7BCE2-A3F0-4B4D-9B6E-2BB85B04EBCE}.DEMO|x64.Build.0 = DEMO|Any CPU
		{DAF7BCE2-A3F0-4B4D-9B6E-2BB85B04EBCE}.DEMO|x86.ActiveCfg = DEMO|x86
		{DAF7BCE2-A3F0-4B4D-9B6E-2BB85B04EBCE}.DEMO|x86.Build.0 = DEMO|x86
		{DAF7BCE2-A3F0-4B4D-9B6E-2BB85B04EBCE}.Release|Any CPU.ActiveCfg = Release|x86
		{DAF7BCE2-A3F0-4B4D-9B6E-2BB85B04EBCE}.Release|Mixed Platforms.ActiveCfg = Release|Any CPU
		{DAF7BCE2-A3F0-4B4D-9B6E-2BB85B04EBCE}.Release|Mixed Platforms.Build.0 = Release|Any CPU
		{DAF7BCE2-A3F0-4B4D-9B6E-2BB85B04EBCE}.Release|x64.ActiveCfg = Release|x86
		{DAF7BCE2-A3F0-4B4D-9B6E-2BB85B04EBCE}.Release|x86.ActiveCfg = Release|x86
		{DAF7BCE2-A3F0-4B4D-9B6E-2BB85B04EBCE}.Release|x86.Build.0 = Release|x86
		{DAF7BCE2-A3F0-4B4D-9B6E-2BB85B04EBCE}.ScatDebug|Any CPU.ActiveCfg = Debug|Any CPU
		{DAF7BCE2-A3F0-4B4D-9B6E-2BB85B04EBCE}.ScatDebug|Any CPU.Build.0 = Debug|Any CPU
		{DAF7BCE2-A3F0-4B4D-9B6E-2BB85B04EBCE}.ScatDebug|Mixed Platforms.ActiveCfg = AQUILINEDEBUG|x86
		{DAF7BCE2-A3F0-4B4D-9B6E-2BB85B04EBCE}.ScatDebug|Mixed Platforms.Build.0 = AQUILINEDEBUG|x86
		{DAF7BCE2-A3F0-4B4D-9B6E-2BB85B04EBCE}.ScatDebug|x64.ActiveCfg = Debug|Any CPU
		{DAF7BCE2-A3F0-4B4D-9B6E-2BB85B04EBCE}.ScatDebug|x64.Build.0 = Debug|Any CPU
		{DAF7BCE2-A3F0-4B4D-9B6E-2BB85B04EBCE}.ScatDebug|x86.ActiveCfg = Debug|x86
		{DAF7BCE2-A3F0-4B4D-9B6E-2BB85B04EBCE}.ScatDebug|x86.Build.0 = Debug|x86
		{DAF7BCE2-A3F0-4B4D-9B6E-2BB85B04EBCE}.ScatRelease|Any CPU.ActiveCfg = AQUILINERELEASE|Any CPU
		{DAF7BCE2-A3F0-4B4D-9B6E-2BB85B04EBCE}.ScatRelease|Any CPU.Build.0 = AQUILINERELEASE|Any CPU
		{DAF7BCE2-A3F0-4B4D-9B6E-2BB85B04EBCE}.ScatRelease|Mixed Platforms.ActiveCfg = AQUILINERELEASE|x86
		{DAF7BCE2-A3F0-4B4D-9B6E-2BB85B04EBCE}.ScatRelease|Mixed Platforms.Build.0 = AQUILINERELEASE|x86
		{DAF7BCE2-A3F0-4B4D-9B6E-2BB85B04EBCE}.ScatRelease|x64.ActiveCfg = AQUILINERELEASE|Any CPU
		{DAF7BCE2-A3F0-4B4D-9B6E-2BB85B04EBCE}.ScatRelease|x86.ActiveCfg = AQUILINERELEASE|x86
		{DAF7BCE2-A3F0-4B4D-9B6E-2BB85B04EBCE}.ScatRelease|x86.Build.0 = AQUILINERELEASE|x86
		{48B63705-4573-4BB2-B04D-67A406B09AB6}.AQUILINEDEBUG|Any CPU.ActiveCfg = AQUILINEDEBUG|Any CPU
		{48B63705-4573-4BB2-B04D-67A406B09AB6}.AQUILINEDEBUG|Any CPU.Build.0 = AQUILINEDEBUG|Any CPU
		{48B63705-4573-4BB2-B04D-67A406B09AB6}.AQUILINEDEBUG|Mixed Platforms.ActiveCfg = AQUILINEDEBUG|x86
		{48B63705-4573-4BB2-B04D-67A406B09AB6}.AQUILINEDEBUG|Mixed Platforms.Build.0 = AQUILINEDEBUG|x86
		{48B63705-4573-4BB2-B04D-67A406B09AB6}.AQUILINEDEBUG|x64.ActiveCfg = AQUILINEDEBUG|x64
		{48B63705-4573-4BB2-B04D-67A406B09AB6}.AQUILINEDEBUG|x64.Build.0 = AQUILINEDEBUG|x64
		{48B63705-4573-4BB2-B04D-67A406B09AB6}.AQUILINEDEBUG|x86.ActiveCfg = AQUILINEDEBUG|x86
		{48B63705-4573-4BB2-B04D-67A406B09AB6}.AQUILINEDEBUG|x86.Build.0 = AQUILINEDEBUG|x86
		{48B63705-4573-4BB2-B04D-67A406B09AB6}.AQUILINERELEASE|Any CPU.ActiveCfg = AQUILINERELEASE|Any CPU
		{48B63705-4573-4BB2-B04D-67A406B09AB6}.AQUILINERELEASE|Any CPU.Build.0 = AQUILINERELEASE|Any CPU
		{48B63705-4573-4BB2-B04D-67A406B09AB6}.AQUILINERELEASE|Mixed Platforms.ActiveCfg = AQUILINERELEASE|x86
		{48B63705-4573-4BB2-B04D-67A406B09AB6}.AQUILINERELEASE|Mixed Platforms.Build.0 = AQUILINERELEASE|x86
		{48B63705-4573-4BB2-B04D-67A406B09AB6}.AQUILINERELEASE|x64.ActiveCfg = AQUILINERELEASE|x64
		{48B63705-4573-4BB2-B04D-67A406B09AB6}.AQUILINERELEASE|x64.Build.0 = AQUILINERELEASE|x64
		{48B63705-4573-4BB2-B04D-67A406B09AB6}.AQUILINERELEASE|x86.ActiveCfg = AQUILINERELEASE|x86
		{48B63705-4573-4BB2-B04D-67A406B09AB6}.AQUILINERELEASE|x86.Build.0 = AQUILINERELEASE|x86
		{48B63705-4573-4BB2-B04D-67A406B09AB6}.Debug|Any CPU.ActiveCfg = Debug|Any CPU
		{48B63705-4573-4BB2-B04D-67A406B09AB6}.Debug|Any CPU.Build.0 = Debug|Any CPU
		{48B63705-4573-4BB2-B04D-67A406B09AB6}.Debug|Mixed Platforms.ActiveCfg = Debug|x86
		{48B63705-4573-4BB2-B04D-67A406B09AB6}.Debug|Mixed Platforms.Build.0 = Debug|x86
		{48B63705-4573-4BB2-B04D-67A406B09AB6}.Debug|x64.ActiveCfg = Debug|x64
		{48B63705-4573-4BB2-B04D-67A406B09AB6}.Debug|x64.Build.0 = Debug|x64
		{48B63705-4573-4BB2-B04D-67A406B09AB6}.Debug|x86.ActiveCfg = Debug|x86
		{48B63705-4573-4BB2-B04D-67A406B09AB6}.Debug|x86.Build.0 = Debug|x86
		{48B63705-4573-4BB2-B04D-67A406B09AB6}.DEMO|Any CPU.ActiveCfg = DEMO|Any CPU
		{48B63705-4573-4BB2-B04D-67A406B09AB6}.DEMO|Any CPU.Build.0 = DEMO|Any CPU
		{48B63705-4573-4BB2-B04D-67A406B09AB6}.DEMO|Mixed Platforms.ActiveCfg = DEMO|x86
		{48B63705-4573-4BB2-B04D-67A406B09AB6}.DEMO|Mixed Platforms.Build.0 = DEMO|x86
		{48B63705-4573-4BB2-B04D-67A406B09AB6}.DEMO|x64.ActiveCfg = DEMO|x64
		{48B63705-4573-4BB2-B04D-67A406B09AB6}.DEMO|x64.Build.0 = DEMO|x64
		{48B63705-4573-4BB2-B04D-67A406B09AB6}.DEMO|x86.ActiveCfg = DEMO|x86
		{48B63705-4573-4BB2-B04D-67A406B09AB6}.DEMO|x86.Build.0 = DEMO|x86
		{48B63705-4573-4BB2-B04D-67A406B09AB6}.Release|Any CPU.ActiveCfg = Release|Any CPU
		{48B63705-4573-4BB2-B04D-67A406B09AB6}.Release|Any CPU.Build.0 = Release|Any CPU
		{48B63705-4573-4BB2-B04D-67A406B09AB6}.Release|Mixed Platforms.ActiveCfg = Release|x86
		{48B63705-4573-4BB2-B04D-67A406B09AB6}.Release|Mixed Platforms.Build.0 = Release|x86
		{48B63705-4573-4BB2-B04D-67A406B09AB6}.Release|x64.ActiveCfg = Release|x64
		{48B63705-4573-4BB2-B04D-67A406B09AB6}.Release|x64.Build.0 = Release|x64
		{48B63705-4573-4BB2-B04D-67A406B09AB6}.Release|x86.ActiveCfg = Release|x86
		{48B63705-4573-4BB2-B04D-67A406B09AB6}.Release|x86.Build.0 = Release|x86
		{48B63705-4573-4BB2-B04D-67A406B09AB6}.ScatDebug|Any CPU.ActiveCfg = Debug|Any CPU
		{48B63705-4573-4BB2-B04D-67A406B09AB6}.ScatDebug|Any CPU.Build.0 = Debug|Any CPU
		{48B63705-4573-4BB2-B04D-67A406B09AB6}.ScatDebug|Mixed Platforms.ActiveCfg = AQUILINEDEBUG|x86
		{48B63705-4573-4BB2-B04D-67A406B09AB6}.ScatDebug|Mixed Platforms.Build.0 = AQUILINEDEBUG|x86
		{48B63705-4573-4BB2-B04D-67A406B09AB6}.ScatDebug|x64.ActiveCfg = Debug|x64
		{48B63705-4573-4BB2-B04D-67A406B09AB6}.ScatDebug|x64.Build.0 = Debug|x64
		{48B63705-4573-4BB2-B04D-67A406B09AB6}.ScatDebug|x86.ActiveCfg = Debug|x86
		{48B63705-4573-4BB2-B04D-67A406B09AB6}.ScatDebug|x86.Build.0 = Debug|x86
		{48B63705-4573-4BB2-B04D-67A406B09AB6}.ScatRelease|Any CPU.ActiveCfg = AQUILINERELEASE|Any CPU
		{48B63705-4573-4BB2-B04D-67A406B09AB6}.ScatRelease|Any CPU.Build.0 = AQUILINERELEASE|Any CPU
		{48B63705-4573-4BB2-B04D-67A406B09AB6}.ScatRelease|Mixed Platforms.ActiveCfg = AQUILINERELEASE|x86
		{48B63705-4573-4BB2-B04D-67A406B09AB6}.ScatRelease|Mixed Platforms.Build.0 = AQUILINERELEASE|x86
		{48B63705-4573-4BB2-B04D-67A406B09AB6}.ScatRelease|x64.ActiveCfg = AQUILINERELEASE|x64
		{48B63705-4573-4BB2-B04D-67A406B09AB6}.ScatRelease|x64.Build.0 = AQUILINERELEASE|x64
		{48B63705-4573-4BB2-B04D-67A406B09AB6}.ScatRelease|x86.ActiveCfg = AQUILINERELEASE|x86
		{48B63705-4573-4BB2-B04D-67A406B09AB6}.ScatRelease|x86.Build.0 = AQUILINERELEASE|x86
		{183F216E-495A-4536-B38E-90876CE10085}.AQUILINEDEBUG|Any CPU.ActiveCfg = Release|Any CPU
		{183F216E-495A-4536-B38E-90876CE10085}.AQUILINEDEBUG|Any CPU.Build.0 = Release|Any CPU
		{183F216E-495A-4536-B38E-90876CE10085}.AQUILINEDEBUG|Mixed Platforms.ActiveCfg = Release|Any CPU
		{183F216E-495A-4536-B38E-90876CE10085}.AQUILINEDEBUG|Mixed Platforms.Build.0 = Release|Any CPU
		{183F216E-495A-4536-B38E-90876CE10085}.AQUILINEDEBUG|x64.ActiveCfg = Release|Any CPU
		{183F216E-495A-4536-B38E-90876CE10085}.AQUILINEDEBUG|x64.Build.0 = Release|Any CPU
		{183F216E-495A-4536-B38E-90876CE10085}.AQUILINEDEBUG|x86.ActiveCfg = Release|Any CPU
		{183F216E-495A-4536-B38E-90876CE10085}.AQUILINEDEBUG|x86.Build.0 = Release|Any CPU
		{183F216E-495A-4536-B38E-90876CE10085}.AQUILINERELEASE|Any CPU.ActiveCfg = Release|Any CPU
		{183F216E-495A-4536-B38E-90876CE10085}.AQUILINERELEASE|Any CPU.Build.0 = Release|Any CPU
		{183F216E-495A-4536-B38E-90876CE10085}.AQUILINERELEASE|Mixed Platforms.ActiveCfg = Release|Any CPU
		{183F216E-495A-4536-B38E-90876CE10085}.AQUILINERELEASE|Mixed Platforms.Build.0 = Release|Any CPU
		{183F216E-495A-4536-B38E-90876CE10085}.AQUILINERELEASE|x64.ActiveCfg = Release|Any CPU
		{183F216E-495A-4536-B38E-90876CE10085}.AQUILINERELEASE|x64.Build.0 = Release|Any CPU
		{183F216E-495A-4536-B38E-90876CE10085}.AQUILINERELEASE|x86.ActiveCfg = Release|Any CPU
		{183F216E-495A-4536-B38E-90876CE10085}.AQUILINERELEASE|x86.Build.0 = Release|Any CPU
		{183F216E-495A-4536-B38E-90876CE10085}.Debug|Any CPU.ActiveCfg = Debug|Any CPU
		{183F216E-495A-4536-B38E-90876CE10085}.Debug|Any CPU.Build.0 = Debug|Any CPU
		{183F216E-495A-4536-B38E-90876CE10085}.Debug|Mixed Platforms.ActiveCfg = Debug|Any CPU
		{183F216E-495A-4536-B38E-90876CE10085}.Debug|Mixed Platforms.Build.0 = Debug|Any CPU
		{183F216E-495A-4536-B38E-90876CE10085}.Debug|x64.ActiveCfg = Debug|Any CPU
		{183F216E-495A-4536-B38E-90876CE10085}.Debug|x64.Build.0 = Debug|Any CPU
		{183F216E-495A-4536-B38E-90876CE10085}.Debug|x86.ActiveCfg = Debug|Any CPU
		{183F216E-495A-4536-B38E-90876CE10085}.Debug|x86.Build.0 = Debug|Any CPU
		{183F216E-495A-4536-B38E-90876CE10085}.DEMO|Any CPU.ActiveCfg = DEMO|Any CPU
		{183F216E-495A-4536-B38E-90876CE10085}.DEMO|Any CPU.Build.0 = DEMO|Any CPU
		{183F216E-495A-4536-B38E-90876CE10085}.DEMO|Mixed Platforms.ActiveCfg = Release|Any CPU
		{183F216E-495A-4536-B38E-90876CE10085}.DEMO|Mixed Platforms.Build.0 = Release|Any CPU
		{183F216E-495A-4536-B38E-90876CE10085}.DEMO|x64.ActiveCfg = DEMO|Any CPU
		{183F216E-495A-4536-B38E-90876CE10085}.DEMO|x64.Build.0 = DEMO|Any CPU
		{183F216E-495A-4536-B38E-90876CE10085}.DEMO|x86.ActiveCfg = DEMO|Any CPU
		{183F216E-495A-4536-B38E-90876CE10085}.DEMO|x86.Build.0 = DEMO|Any CPU
		{183F216E-495A-4536-B38E-90876CE10085}.Release|Any CPU.ActiveCfg = Release|Any CPU
		{183F216E-495A-4536-B38E-90876CE10085}.Release|Any CPU.Build.0 = Release|Any CPU
		{183F216E-495A-4536-B38E-90876CE10085}.Release|Mixed Platforms.ActiveCfg = Release|Any CPU
		{183F216E-495A-4536-B38E-90876CE10085}.Release|Mixed Platforms.Build.0 = Release|Any CPU
		{183F216E-495A-4536-B38E-90876CE10085}.Release|x64.ActiveCfg = Release|Any CPU
		{183F216E-495A-4536-B38E-90876CE10085}.Release|x64.Build.0 = Release|Any CPU
		{183F216E-495A-4536-B38E-90876CE10085}.Release|x86.ActiveCfg = Release|Any CPU
		{183F216E-495A-4536-B38E-90876CE10085}.Release|x86.Build.0 = Release|Any CPU
		{183F216E-495A-4536-B38E-90876CE10085}.ScatDebug|Any CPU.ActiveCfg = Debug|Any CPU
		{183F216E-495A-4536-B38E-90876CE10085}.ScatDebug|Any CPU.Build.0 = Debug|Any CPU
		{183F216E-495A-4536-B38E-90876CE10085}.ScatDebug|Mixed Platforms.ActiveCfg = Debug|Any CPU
		{183F216E-495A-4536-B38E-90876CE10085}.ScatDebug|Mixed Platforms.Build.0 = Debug|Any CPU
		{183F216E-495A-4536-B38E-90876CE10085}.ScatDebug|x64.ActiveCfg = Debug|Any CPU
		{183F216E-495A-4536-B38E-90876CE10085}.ScatDebug|x64.Build.0 = Debug|Any CPU
		{183F216E-495A-4536-B38E-90876CE10085}.ScatDebug|x86.ActiveCfg = Debug|Any CPU
		{183F216E-495A-4536-B38E-90876CE10085}.ScatDebug|x86.Build.0 = Debug|Any CPU
		{183F216E-495A-4536-B38E-90876CE10085}.ScatRelease|Any CPU.ActiveCfg = Release|Any CPU
		{183F216E-495A-4536-B38E-90876CE10085}.ScatRelease|Any CPU.Build.0 = Release|Any CPU
		{183F216E-495A-4536-B38E-90876CE10085}.ScatRelease|Mixed Platforms.ActiveCfg = Release|Any CPU
		{183F216E-495A-4536-B38E-90876CE10085}.ScatRelease|Mixed Platforms.Build.0 = Release|Any CPU
		{183F216E-495A-4536-B38E-90876CE10085}.ScatRelease|x64.ActiveCfg = Release|Any CPU
		{183F216E-495A-4536-B38E-90876CE10085}.ScatRelease|x64.Build.0 = Release|Any CPU
		{183F216E-495A-4536-B38E-90876CE10085}.ScatRelease|x86.ActiveCfg = Release|Any CPU
		{183F216E-495A-4536-B38E-90876CE10085}.ScatRelease|x86.Build.0 = Release|Any CPU
		{08890FBC-FA1A-4DE9-B75F-B0CA6E3CF189}.AQUILINEDEBUG|Any CPU.ActiveCfg = Release|Any CPU
		{08890FBC-FA1A-4DE9-B75F-B0CA6E3CF189}.AQUILINEDEBUG|Any CPU.Build.0 = Release|Any CPU
		{08890FBC-FA1A-4DE9-B75F-B0CA6E3CF189}.AQUILINEDEBUG|Mixed Platforms.ActiveCfg = Release|Any CPU
		{08890FBC-FA1A-4DE9-B75F-B0CA6E3CF189}.AQUILINEDEBUG|Mixed Platforms.Build.0 = Release|Any CPU
		{08890FBC-FA1A-4DE9-B75F-B0CA6E3CF189}.AQUILINEDEBUG|x64.ActiveCfg = Release|Any CPU
		{08890FBC-FA1A-4DE9-B75F-B0CA6E3CF189}.AQUILINEDEBUG|x64.Build.0 = Release|Any CPU
		{08890FBC-FA1A-4DE9-B75F-B0CA6E3CF189}.AQUILINEDEBUG|x86.ActiveCfg = Release|Any CPU
		{08890FBC-FA1A-4DE9-B75F-B0CA6E3CF189}.AQUILINEDEBUG|x86.Build.0 = Release|Any CPU
		{08890FBC-FA1A-4DE9-B75F-B0CA6E3CF189}.AQUILINERELEASE|Any CPU.ActiveCfg = Release|Any CPU
		{08890FBC-FA1A-4DE9-B75F-B0CA6E3CF189}.AQUILINERELEASE|Any CPU.Build.0 = Release|Any CPU
		{08890FBC-FA1A-4DE9-B75F-B0CA6E3CF189}.AQUILINERELEASE|Mixed Platforms.ActiveCfg = Release|Any CPU
		{08890FBC-FA1A-4DE9-B75F-B0CA6E3CF189}.AQUILINERELEASE|Mixed Platforms.Build.0 = Release|Any CPU
		{08890FBC-FA1A-4DE9-B75F-B0CA6E3CF189}.AQUILINERELEASE|x64.ActiveCfg = Release|Any CPU
		{08890FBC-FA1A-4DE9-B75F-B0CA6E3CF189}.AQUILINERELEASE|x64.Build.0 = Release|Any CPU
		{08890FBC-FA1A-4DE9-B75F-B0CA6E3CF189}.AQUILINERELEASE|x86.ActiveCfg = Release|Any CPU
		{08890FBC-FA1A-4DE9-B75F-B0CA6E3CF189}.AQUILINERELEASE|x86.Build.0 = Release|Any CPU
		{08890FBC-FA1A-4DE9-B75F-B0CA6E3CF189}.Debug|Any CPU.ActiveCfg = Debug|Any CPU
		{08890FBC-FA1A-4DE9-B75F-B0CA6E3CF189}.Debug|Any CPU.Build.0 = Debug|Any CPU
		{08890FBC-FA1A-4DE9-B75F-B0CA6E3CF189}.Debug|Mixed Platforms.ActiveCfg = Debug|Any CPU
		{08890FBC-FA1A-4DE9-B75F-B0CA6E3CF189}.Debug|Mixed Platforms.Build.0 = Debug|Any CPU
		{08890FBC-FA1A-4DE9-B75F-B0CA6E3CF189}.Debug|x64.ActiveCfg = Debug|Any CPU
		{08890FBC-FA1A-4DE9-B75F-B0CA6E3CF189}.Debug|x64.Build.0 = Debug|Any CPU
		{08890FBC-FA1A-4DE9-B75F-B0CA6E3CF189}.Debug|x86.ActiveCfg = Debug|Any CPU
		{08890FBC-FA1A-4DE9-B75F-B0CA6E3CF189}.Debug|x86.Build.0 = Debug|Any CPU
		{08890FBC-FA1A-4DE9-B75F-B0CA6E3CF189}.DEMO|Any CPU.ActiveCfg = DEMO|Any CPU
		{08890FBC-FA1A-4DE9-B75F-B0CA6E3CF189}.DEMO|Any CPU.Build.0 = DEMO|Any CPU
		{08890FBC-FA1A-4DE9-B75F-B0CA6E3CF189}.DEMO|Mixed Platforms.ActiveCfg = Release|Any CPU
		{08890FBC-FA1A-4DE9-B75F-B0CA6E3CF189}.DEMO|Mixed Platforms.Build.0 = Release|Any CPU
		{08890FBC-FA1A-4DE9-B75F-B0CA6E3CF189}.DEMO|x64.ActiveCfg = DEMO|Any CPU
		{08890FBC-FA1A-4DE9-B75F-B0CA6E3CF189}.DEMO|x64.Build.0 = DEMO|Any CPU
		{08890FBC-FA1A-4DE9-B75F-B0CA6E3CF189}.DEMO|x86.ActiveCfg = DEMO|Any CPU
		{08890FBC-FA1A-4DE9-B75F-B0CA6E3CF189}.DEMO|x86.Build.0 = DEMO|Any CPU
		{08890FBC-FA1A-4DE9-B75F-B0CA6E3CF189}.Release|Any CPU.ActiveCfg = Release|Any CPU
		{08890FBC-FA1A-4DE9-B75F-B0CA6E3CF189}.Release|Any CPU.Build.0 = Release|Any CPU
		{08890FBC-FA1A-4DE9-B75F-B0CA6E3CF189}.Release|Mixed Platforms.ActiveCfg = Release|Any CPU
		{08890FBC-FA1A-4DE9-B75F-B0CA6E3CF189}.Release|Mixed Platforms.Build.0 = Release|Any CPU
		{08890FBC-FA1A-4DE9-B75F-B0CA6E3CF189}.Release|x64.ActiveCfg = Release|Any CPU
		{08890FBC-FA1A-4DE9-B75F-B0CA6E3CF189}.Release|x64.Build.0 = Release|Any CPU
		{08890FBC-FA1A-4DE9-B75F-B0CA6E3CF189}.Release|x86.ActiveCfg = Release|Any CPU
		{08890FBC-FA1A-4DE9-B75F-B0CA6E3CF189}.Release|x86.Build.0 = Release|Any CPU
		{08890FBC-FA1A-4DE9-B75F-B0CA6E3CF189}.ScatDebug|Any CPU.ActiveCfg = Debug|Any CPU
		{08890FBC-FA1A-4DE9-B75F-B0CA6E3CF189}.ScatDebug|Any CPU.Build.0 = Debug|Any CPU
		{08890FBC-FA1A-4DE9-B75F-B0CA6E3CF189}.ScatDebug|Mixed Platforms.ActiveCfg = Debug|Any CPU
		{08890FBC-FA1A-4DE9-B75F-B0CA6E3CF189}.ScatDebug|Mixed Platforms.Build.0 = Debug|Any CPU
		{08890FBC-FA1A-4DE9-B75F-B0CA6E3CF189}.ScatDebug|x64.ActiveCfg = Debug|Any CPU
		{08890FBC-FA1A-4DE9-B75F-B0CA6E3CF189}.ScatDebug|x64.Build.0 = Debug|Any CPU
		{08890FBC-FA1A-4DE9-B75F-B0CA6E3CF189}.ScatDebug|x86.ActiveCfg = Debug|Any CPU
		{08890FBC-FA1A-4DE9-B75F-B0CA6E3CF189}.ScatDebug|x86.Build.0 = Debug|Any CPU
		{08890FBC-FA1A-4DE9-B75F-B0CA6E3CF189}.ScatRelease|Any CPU.ActiveCfg = Release|Any CPU
		{08890FBC-FA1A-4DE9-B75F-B0CA6E3CF189}.ScatRelease|Any CPU.Build.0 = Release|Any CPU
		{08890FBC-FA1A-4DE9-B75F-B0CA6E3CF189}.ScatRelease|Mixed Platforms.ActiveCfg = Release|Any CPU
		{08890FBC-FA1A-4DE9-B75F-B0CA6E3CF189}.ScatRelease|Mixed Platforms.Build.0 = Release|Any CPU
		{08890FBC-FA1A-4DE9-B75F-B0CA6E3CF189}.ScatRelease|x64.ActiveCfg = Release|Any CPU
		{08890FBC-FA1A-4DE9-B75F-B0CA6E3CF189}.ScatRelease|x64.Build.0 = Release|Any CPU
		{08890FBC-FA1A-4DE9-B75F-B0CA6E3CF189}.ScatRelease|x86.ActiveCfg = Release|Any CPU
		{08890FBC-FA1A-4DE9-B75F-B0CA6E3CF189}.ScatRelease|x86.Build.0 = Release|Any CPU
		{7EA3AD0E-0FFA-468B-B372-E41BA03C0B8C}.AQUILINEDEBUG|Any CPU.ActiveCfg = Release|Any CPU
		{7EA3AD0E-0FFA-468B-B372-E41BA03C0B8C}.AQUILINEDEBUG|Any CPU.Build.0 = Release|Any CPU
		{7EA3AD0E-0FFA-468B-B372-E41BA03C0B8C}.AQUILINEDEBUG|Mixed Platforms.ActiveCfg = Release|Any CPU
		{7EA3AD0E-0FFA-468B-B372-E41BA03C0B8C}.AQUILINEDEBUG|Mixed Platforms.Build.0 = Release|Any CPU
		{7EA3AD0E-0FFA-468B-B372-E41BA03C0B8C}.AQUILINEDEBUG|x64.ActiveCfg = Release|Any CPU
		{7EA3AD0E-0FFA-468B-B372-E41BA03C0B8C}.AQUILINEDEBUG|x64.Build.0 = Release|Any CPU
		{7EA3AD0E-0FFA-468B-B372-E41BA03C0B8C}.AQUILINEDEBUG|x86.ActiveCfg = Release|Any CPU
		{7EA3AD0E-0FFA-468B-B372-E41BA03C0B8C}.AQUILINEDEBUG|x86.Build.0 = Release|Any CPU
		{7EA3AD0E-0FFA-468B-B372-E41BA03C0B8C}.AQUILINERELEASE|Any CPU.ActiveCfg = Release|Any CPU
		{7EA3AD0E-0FFA-468B-B372-E41BA03C0B8C}.AQUILINERELEASE|Any CPU.Build.0 = Release|Any CPU
		{7EA3AD0E-0FFA-468B-B372-E41BA03C0B8C}.AQUILINERELEASE|Mixed Platforms.ActiveCfg = Release|Any CPU
		{7EA3AD0E-0FFA-468B-B372-E41BA03C0B8C}.AQUILINERELEASE|Mixed Platforms.Build.0 = Release|Any CPU
		{7EA3AD0E-0FFA-468B-B372-E41BA03C0B8C}.AQUILINERELEASE|x64.ActiveCfg = Release|Any CPU
		{7EA3AD0E-0FFA-468B-B372-E41BA03C0B8C}.AQUILINERELEASE|x64.Build.0 = Release|Any CPU
		{7EA3AD0E-0FFA-468B-B372-E41BA03C0B8C}.AQUILINERELEASE|x86.ActiveCfg = Release|Any CPU
		{7EA3AD0E-0FFA-468B-B372-E41BA03C0B8C}.AQUILINERELEASE|x86.Build.0 = Release|Any CPU
		{7EA3AD0E-0FFA-468B-B372-E41BA03C0B8C}.Debug|Any CPU.ActiveCfg = Debug|Any CPU
		{7EA3AD0E-0FFA-468B-B372-E41BA03C0B8C}.Debug|Any CPU.Build.0 = Debug|Any CPU
		{7EA3AD0E-0FFA-468B-B372-E41BA03C0B8C}.Debug|Mixed Platforms.ActiveCfg = Debug|Any CPU
		{7EA3AD0E-0FFA-468B-B372-E41BA03C0B8C}.Debug|Mixed Platforms.Build.0 = Debug|Any CPU
		{7EA3AD0E-0FFA-468B-B372-E41BA03C0B8C}.Debug|x64.ActiveCfg = Debug|Any CPU
		{7EA3AD0E-0FFA-468B-B372-E41BA03C0B8C}.Debug|x64.Build.0 = Debug|Any CPU
		{7EA3AD0E-0FFA-468B-B372-E41BA03C0B8C}.Debug|x86.ActiveCfg = Debug|Any CPU
		{7EA3AD0E-0FFA-468B-B372-E41BA03C0B8C}.Debug|x86.Build.0 = Debug|Any CPU
		{7EA3AD0E-0FFA-468B-B372-E41BA03C0B8C}.DEMO|Any CPU.ActiveCfg = DEMO|Any CPU
		{7EA3AD0E-0FFA-468B-B372-E41BA03C0B8C}.DEMO|Any CPU.Build.0 = DEMO|Any CPU
		{7EA3AD0E-0FFA-468B-B372-E41BA03C0B8C}.DEMO|Mixed Platforms.ActiveCfg = Release|Any CPU
		{7EA3AD0E-0FFA-468B-B372-E41BA03C0B8C}.DEMO|Mixed Platforms.Build.0 = Release|Any CPU
		{7EA3AD0E-0FFA-468B-B372-E41BA03C0B8C}.DEMO|x64.ActiveCfg = DEMO|Any CPU
		{7EA3AD0E-0FFA-468B-B372-E41BA03C0B8C}.DEMO|x64.Build.0 = DEMO|Any CPU
		{7EA3AD0E-0FFA-468B-B372-E41BA03C0B8C}.DEMO|x86.ActiveCfg = DEMO|Any CPU
		{7EA3AD0E-0FFA-468B-B372-E41BA03C0B8C}.DEMO|x86.Build.0 = DEMO|Any CPU
		{7EA3AD0E-0FFA-468B-B372-E41BA03C0B8C}.Release|Any CPU.ActiveCfg = Release|Any CPU
		{7EA3AD0E-0FFA-468B-B372-E41BA03C0B8C}.Release|Any CPU.Build.0 = Release|Any CPU
		{7EA3AD0E-0FFA-468B-B372-E41BA03C0B8C}.Release|Mixed Platforms.ActiveCfg = Release|Any CPU
		{7EA3AD0E-0FFA-468B-B372-E41BA03C0B8C}.Release|Mixed Platforms.Build.0 = Release|Any CPU
		{7EA3AD0E-0FFA-468B-B372-E41BA03C0B8C}.Release|x64.ActiveCfg = Release|Any CPU
		{7EA3AD0E-0FFA-468B-B372-E41BA03C0B8C}.Release|x64.Build.0 = Release|Any CPU
		{7EA3AD0E-0FFA-468B-B372-E41BA03C0B8C}.Release|x86.ActiveCfg = Release|Any CPU
		{7EA3AD0E-0FFA-468B-B372-E41BA03C0B8C}.Release|x86.Build.0 = Release|Any CPU
		{7EA3AD0E-0FFA-468B-B372-E41BA03C0B8C}.ScatDebug|Any CPU.ActiveCfg = Debug|Any CPU
		{7EA3AD0E-0FFA-468B-B372-E41BA03C0B8C}.ScatDebug|Any CPU.Build.0 = Debug|Any CPU
		{7EA3AD0E-0FFA-468B-B372-E41BA03C0B8C}.ScatDebug|Mixed Platforms.ActiveCfg = Debug|Any CPU
		{7EA3AD0E-0FFA-468B-B372-E41BA03C0B8C}.ScatDebug|Mixed Platforms.Build.0 = Debug|Any CPU
		{7EA3AD0E-0FFA-468B-B372-E41BA03C0B8C}.ScatDebug|x64.ActiveCfg = Debug|Any CPU
		{7EA3AD0E-0FFA-468B-B372-E41BA03C0B8C}.ScatDebug|x64.Build.0 = Debug|Any CPU
		{7EA3AD0E-0FFA-468B-B372-E41BA03C0B8C}.ScatDebug|x86.ActiveCfg = Debug|Any CPU
		{7EA3AD0E-0FFA-468B-B372-E41BA03C0B8C}.ScatDebug|x86.Build.0 = Debug|Any CPU
		{7EA3AD0E-0FFA-468B-B372-E41BA03C0B8C}.ScatRelease|Any CPU.ActiveCfg = Release|Any CPU
		{7EA3AD0E-0FFA-468B-B372-E41BA03C0B8C}.ScatRelease|Any CPU.Build.0 = Release|Any CPU
		{7EA3AD0E-0FFA-468B-B372-E41BA03C0B8C}.ScatRelease|Mixed Platforms.ActiveCfg = Release|Any CPU
		{7EA3AD0E-0FFA-468B-B372-E41BA03C0B8C}.ScatRelease|Mixed Platforms.Build.0 = Release|Any CPU
		{7EA3AD0E-0FFA-468B-B372-E41BA03C0B8C}.ScatRelease|x64.ActiveCfg = Release|Any CPU
		{7EA3AD0E-0FFA-468B-B372-E41BA03C0B8C}.ScatRelease|x64.Build.0 = Release|Any CPU
		{7EA3AD0E-0FFA-468B-B372-E41BA03C0B8C}.ScatRelease|x86.ActiveCfg = Release|Any CPU
		{7EA3AD0E-0FFA-468B-B372-E41BA03C0B8C}.ScatRelease|x86.Build.0 = Release|Any CPU
		{6DDDAF81-980A-4EBC-BF58-3CA93A059D7F}.AQUILINEDEBUG|Any CPU.ActiveCfg = Release|Any CPU
		{6DDDAF81-980A-4EBC-BF58-3CA93A059D7F}.AQUILINEDEBUG|Any CPU.Build.0 = Release|Any CPU
		{6DDDAF81-980A-4EBC-BF58-3CA93A059D7F}.AQUILINEDEBUG|Mixed Platforms.ActiveCfg = Release|Any CPU
		{6DDDAF81-980A-4EBC-BF58-3CA93A059D7F}.AQUILINEDEBUG|Mixed Platforms.Build.0 = Release|Any CPU
		{6DDDAF81-980A-4EBC-BF58-3CA93A059D7F}.AQUILINEDEBUG|x64.ActiveCfg = Release|Any CPU
		{6DDDAF81-980A-4EBC-BF58-3CA93A059D7F}.AQUILINEDEBUG|x64.Build.0 = Release|Any CPU
		{6DDDAF81-980A-4EBC-BF58-3CA93A059D7F}.AQUILINEDEBUG|x86.ActiveCfg = Release|Any CPU
		{6DDDAF81-980A-4EBC-BF58-3CA93A059D7F}.AQUILINEDEBUG|x86.Build.0 = Release|Any CPU
		{6DDDAF81-980A-4EBC-BF58-3CA93A059D7F}.AQUILINERELEASE|Any CPU.ActiveCfg = Release|Any CPU
		{6DDDAF81-980A-4EBC-BF58-3CA93A059D7F}.AQUILINERELEASE|Any CPU.Build.0 = Release|Any CPU
		{6DDDAF81-980A-4EBC-BF58-3CA93A059D7F}.AQUILINERELEASE|Mixed Platforms.ActiveCfg = Release|Any CPU
		{6DDDAF81-980A-4EBC-BF58-3CA93A059D7F}.AQUILINERELEASE|Mixed Platforms.Build.0 = Release|Any CPU
		{6DDDAF81-980A-4EBC-BF58-3CA93A059D7F}.AQUILINERELEASE|x64.ActiveCfg = Release|Any CPU
		{6DDDAF81-980A-4EBC-BF58-3CA93A059D7F}.AQUILINERELEASE|x64.Build.0 = Release|Any CPU
		{6DDDAF81-980A-4EBC-BF58-3CA93A059D7F}.AQUILINERELEASE|x86.ActiveCfg = Release|Any CPU
		{6DDDAF81-980A-4EBC-BF58-3CA93A059D7F}.AQUILINERELEASE|x86.Build.0 = Release|Any CPU
		{6DDDAF81-980A-4EBC-BF58-3CA93A059D7F}.Debug|Any CPU.ActiveCfg = Debug|Any CPU
		{6DDDAF81-980A-4EBC-BF58-3CA93A059D7F}.Debug|Any CPU.Build.0 = Debug|Any CPU
		{6DDDAF81-980A-4EBC-BF58-3CA93A059D7F}.Debug|Mixed Platforms.ActiveCfg = Debug|Any CPU
		{6DDDAF81-980A-4EBC-BF58-3CA93A059D7F}.Debug|Mixed Platforms.Build.0 = Debug|Any CPU
		{6DDDAF81-980A-4EBC-BF58-3CA93A059D7F}.Debug|x64.ActiveCfg = Debug|Any CPU
		{6DDDAF81-980A-4EBC-BF58-3CA93A059D7F}.Debug|x64.Build.0 = Debug|Any CPU
		{6DDDAF81-980A-4EBC-BF58-3CA93A059D7F}.Debug|x86.ActiveCfg = Debug|Any CPU
		{6DDDAF81-980A-4EBC-BF58-3CA93A059D7F}.Debug|x86.Build.0 = Debug|Any CPU
		{6DDDAF81-980A-4EBC-BF58-3CA93A059D7F}.DEMO|Any CPU.ActiveCfg = DEMO|Any CPU
		{6DDDAF81-980A-4EBC-BF58-3CA93A059D7F}.DEMO|Any CPU.Build.0 = DEMO|Any CPU
		{6DDDAF81-980A-4EBC-BF58-3CA93A059D7F}.DEMO|Mixed Platforms.ActiveCfg = Release|Any CPU
		{6DDDAF81-980A-4EBC-BF58-3CA93A059D7F}.DEMO|Mixed Platforms.Build.0 = Release|Any CPU
		{6DDDAF81-980A-4EBC-BF58-3CA93A059D7F}.DEMO|x64.ActiveCfg = DEMO|Any CPU
		{6DDDAF81-980A-4EBC-BF58-3CA93A059D7F}.DEMO|x64.Build.0 = DEMO|Any CPU
		{6DDDAF81-980A-4EBC-BF58-3CA93A059D7F}.DEMO|x86.ActiveCfg = DEMO|Any CPU
		{6DDDAF81-980A-4EBC-BF58-3CA93A059D7F}.DEMO|x86.Build.0 = DEMO|Any CPU
		{6DDDAF81-980A-4EBC-BF58-3CA93A059D7F}.Release|Any CPU.ActiveCfg = Release|Any CPU
		{6DDDAF81-980A-4EBC-BF58-3CA93A059D7F}.Release|Any CPU.Build.0 = Release|Any CPU
		{6DDDAF81-980A-4EBC-BF58-3CA93A059D7F}.Release|Mixed Platforms.ActiveCfg = Release|Any CPU
		{6DDDAF81-980A-4EBC-BF58-3CA93A059D7F}.Release|Mixed Platforms.Build.0 = Release|Any CPU
		{6DDDAF81-980A-4EBC-BF58-3CA93A059D7F}.Release|x64.ActiveCfg = Release|Any CPU
		{6DDDAF81-980A-4EBC-BF58-3CA93A059D7F}.Release|x64.Build.0 = Release|Any CPU
		{6DDDAF81-980A-4EBC-BF58-3CA93A059D7F}.Release|x86.ActiveCfg = Release|Any CPU
		{6DDDAF81-980A-4EBC-BF58-3CA93A059D7F}.Release|x86.Build.0 = Release|Any CPU
		{6DDDAF81-980A-4EBC-BF58-3CA93A059D7F}.ScatDebug|Any CPU.ActiveCfg = Debug|Any CPU
		{6DDDAF81-980A-4EBC-BF58-3CA93A059D7F}.ScatDebug|Any CPU.Build.0 = Debug|Any CPU
		{6DDDAF81-980A-4EBC-BF58-3CA93A059D7F}.ScatDebug|Mixed Platforms.ActiveCfg = Debug|Any CPU
		{6DDDAF81-980A-4EBC-BF58-3CA93A059D7F}.ScatDebug|Mixed Platforms.Build.0 = Debug|Any CPU
		{6DDDAF81-980A-4EBC-BF58-3CA93A059D7F}.ScatDebug|x64.ActiveCfg = Debug|Any CPU
		{6DDDAF81-980A-4EBC-BF58-3CA93A059D7F}.ScatDebug|x64.Build.0 = Debug|Any CPU
		{6DDDAF81-980A-4EBC-BF58-3CA93A059D7F}.ScatDebug|x86.ActiveCfg = Debug|Any CPU
		{6DDDAF81-980A-4EBC-BF58-3CA93A059D7F}.ScatDebug|x86.Build.0 = Debug|Any CPU
		{6DDDAF81-980A-4EBC-BF58-3CA93A059D7F}.ScatRelease|Any CPU.ActiveCfg = Release|Any CPU
		{6DDDAF81-980A-4EBC-BF58-3CA93A059D7F}.ScatRelease|Any CPU.Build.0 = Release|Any CPU
		{6DDDAF81-980A-4EBC-BF58-3CA93A059D7F}.ScatRelease|Mixed Platforms.ActiveCfg = Release|Any CPU
		{6DDDAF81-980A-4EBC-BF58-3CA93A059D7F}.ScatRelease|Mixed Platforms.Build.0 = Release|Any CPU
		{6DDDAF81-980A-4EBC-BF58-3CA93A059D7F}.ScatRelease|x64.ActiveCfg = Release|Any CPU
		{6DDDAF81-980A-4EBC-BF58-3CA93A059D7F}.ScatRelease|x64.Build.0 = Release|Any CPU
		{6DDDAF81-980A-4EBC-BF58-3CA93A059D7F}.ScatRelease|x86.ActiveCfg = Release|Any CPU
		{6DDDAF81-980A-4EBC-BF58-3CA93A059D7F}.ScatRelease|x86.Build.0 = Release|Any CPU
		{560821EE-9178-4D96-8BBC-42DB50FF0DB4}.AQUILINEDEBUG|Any CPU.ActiveCfg = Release|Any CPU
		{560821EE-9178-4D96-8BBC-42DB50FF0DB4}.AQUILINEDEBUG|Any CPU.Build.0 = Release|Any CPU
		{560821EE-9178-4D96-8BBC-42DB50FF0DB4}.AQUILINEDEBUG|Mixed Platforms.ActiveCfg = Release|Any CPU
		{560821EE-9178-4D96-8BBC-42DB50FF0DB4}.AQUILINEDEBUG|Mixed Platforms.Build.0 = Release|Any CPU
		{560821EE-9178-4D96-8BBC-42DB50FF0DB4}.AQUILINEDEBUG|x64.ActiveCfg = Release|Any CPU
		{560821EE-9178-4D96-8BBC-42DB50FF0DB4}.AQUILINEDEBUG|x64.Build.0 = Release|Any CPU
		{560821EE-9178-4D96-8BBC-42DB50FF0DB4}.AQUILINEDEBUG|x86.ActiveCfg = Release|Any CPU
		{560821EE-9178-4D96-8BBC-42DB50FF0DB4}.AQUILINEDEBUG|x86.Build.0 = Release|Any CPU
		{560821EE-9178-4D96-8BBC-42DB50FF0DB4}.AQUILINERELEASE|Any CPU.ActiveCfg = Release|Any CPU
		{560821EE-9178-4D96-8BBC-42DB50FF0DB4}.AQUILINERELEASE|Any CPU.Build.0 = Release|Any CPU
		{560821EE-9178-4D96-8BBC-42DB50FF0DB4}.AQUILINERELEASE|Mixed Platforms.ActiveCfg = Release|Any CPU
		{560821EE-9178-4D96-8BBC-42DB50FF0DB4}.AQUILINERELEASE|Mixed Platforms.Build.0 = Release|Any CPU
		{560821EE-9178-4D96-8BBC-42DB50FF0DB4}.AQUILINERELEASE|x64.ActiveCfg = Release|Any CPU
		{560821EE-9178-4D96-8BBC-42DB50FF0DB4}.AQUILINERELEASE|x64.Build.0 = Release|Any CPU
		{560821EE-9178-4D96-8BBC-42DB50FF0DB4}.AQUILINERELEASE|x86.ActiveCfg = Release|Any CPU
		{560821EE-9178-4D96-8BBC-42DB50FF0DB4}.AQUILINERELEASE|x86.Build.0 = Release|Any CPU
		{560821EE-9178-4D96-8BBC-42DB50FF0DB4}.Debug|Any CPU.ActiveCfg = Debug|Any CPU
		{560821EE-9178-4D96-8BBC-42DB50FF0DB4}.Debug|Any CPU.Build.0 = Debug|Any CPU
		{560821EE-9178-4D96-8BBC-42DB50FF0DB4}.Debug|Mixed Platforms.ActiveCfg = Debug|Any CPU
		{560821EE-9178-4D96-8BBC-42DB50FF0DB4}.Debug|Mixed Platforms.Build.0 = Debug|Any CPU
		{560821EE-9178-4D96-8BBC-42DB50FF0DB4}.Debug|x64.ActiveCfg = Debug|Any CPU
		{560821EE-9178-4D96-8BBC-42DB50FF0DB4}.Debug|x64.Build.0 = Debug|Any CPU
		{560821EE-9178-4D96-8BBC-42DB50FF0DB4}.Debug|x86.ActiveCfg = Debug|Any CPU
		{560821EE-9178-4D96-8BBC-42DB50FF0DB4}.Debug|x86.Build.0 = Debug|Any CPU
		{560821EE-9178-4D96-8BBC-42DB50FF0DB4}.DEMO|Any CPU.ActiveCfg = DEMO|Any CPU
		{560821EE-9178-4D96-8BBC-42DB50FF0DB4}.DEMO|Any CPU.Build.0 = DEMO|Any CPU
		{560821EE-9178-4D96-8BBC-42DB50FF0DB4}.DEMO|Mixed Platforms.ActiveCfg = Release|Any CPU
		{560821EE-9178-4D96-8BBC-42DB50FF0DB4}.DEMO|Mixed Platforms.Build.0 = Release|Any CPU
		{560821EE-9178-4D96-8BBC-42DB50FF0DB4}.DEMO|x64.ActiveCfg = DEMO|Any CPU
		{560821EE-9178-4D96-8BBC-42DB50FF0DB4}.DEMO|x64.Build.0 = DEMO|Any CPU
		{560821EE-9178-4D96-8BBC-42DB50FF0DB4}.DEMO|x86.ActiveCfg = DEMO|Any CPU
		{560821EE-9178-4D96-8BBC-42DB50FF0DB4}.DEMO|x86.Build.0 = DEMO|Any CPU
		{560821EE-9178-4D96-8BBC-42DB50FF0DB4}.Release|Any CPU.ActiveCfg = Release|Any CPU
		{560821EE-9178-4D96-8BBC-42DB50FF0DB4}.Release|Any CPU.Build.0 = Release|Any CPU
		{560821EE-9178-4D96-8BBC-42DB50FF0DB4}.Release|Mixed Platforms.ActiveCfg = Release|Any CPU
		{560821EE-9178-4D96-8BBC-42DB50FF0DB4}.Release|Mixed Platforms.Build.0 = Release|Any CPU
		{560821EE-9178-4D96-8BBC-42DB50FF0DB4}.Release|x64.ActiveCfg = Release|Any CPU
		{560821EE-9178-4D96-8BBC-42DB50FF0DB4}.Release|x64.Build.0 = Release|Any CPU
		{560821EE-9178-4D96-8BBC-42DB50FF0DB4}.Release|x86.ActiveCfg = Release|Any CPU
		{560821EE-9178-4D96-8BBC-42DB50FF0DB4}.Release|x86.Build.0 = Release|Any CPU
		{560821EE-9178-4D96-8BBC-42DB50FF0DB4}.ScatDebug|Any CPU.ActiveCfg = Debug|Any CPU
		{560821EE-9178-4D96-8BBC-42DB50FF0DB4}.ScatDebug|Any CPU.Build.0 = Debug|Any CPU
		{560821EE-9178-4D96-8BBC-42DB50FF0DB4}.ScatDebug|Mixed Platforms.ActiveCfg = Debug|Any CPU
		{560821EE-9178-4D96-8BBC-42DB50FF0DB4}.ScatDebug|Mixed Platforms.Build.0 = Debug|Any CPU
		{560821EE-9178-4D96-8BBC-42DB50FF0DB4}.ScatDebug|x64.ActiveCfg = Debug|Any CPU
		{560821EE-9178-4D96-8BBC-42DB50FF0DB4}.ScatDebug|x64.Build.0 = Debug|Any CPU
		{560821EE-9178-4D96-8BBC-42DB50FF0DB4}.ScatDebug|x86.ActiveCfg = Debug|Any CPU
		{560821EE-9178-4D96-8BBC-42DB50FF0DB4}.ScatDebug|x86.Build.0 = Debug|Any CPU
		{560821EE-9178-4D96-8BBC-42DB50FF0DB4}.ScatRelease|Any CPU.ActiveCfg = Release|Any CPU
		{560821EE-9178-4D96-8BBC-42DB50FF0DB4}.ScatRelease|Any CPU.Build.0 = Release|Any CPU
		{560821EE-9178-4D96-8BBC-42DB50FF0DB4}.ScatRelease|Mixed Platforms.ActiveCfg = Release|Any CPU
		{560821EE-9178-4D96-8BBC-42DB50FF0DB4}.ScatRelease|Mixed Platforms.Build.0 = Release|Any CPU
		{560821EE-9178-4D96-8BBC-42DB50FF0DB4}.ScatRelease|x64.ActiveCfg = Release|Any CPU
		{560821EE-9178-4D96-8BBC-42DB50FF0DB4}.ScatRelease|x64.Build.0 = Release|Any CPU
		{560821EE-9178-4D96-8BBC-42DB50FF0DB4}.ScatRelease|x86.ActiveCfg = Release|Any CPU
		{560821EE-9178-4D96-8BBC-42DB50FF0DB4}.ScatRelease|x86.Build.0 = Release|Any CPU
		{0E490CE9-C51F-408C-A6FB-39A8CE185817}.AQUILINEDEBUG|Any CPU.ActiveCfg = AQUILINEDEBUG|Any CPU
		{0E490CE9-C51F-408C-A6FB-39A8CE185817}.AQUILINEDEBUG|Any CPU.Build.0 = AQUILINEDEBUG|Any CPU
		{0E490CE9-C51F-408C-A6FB-39A8CE185817}.AQUILINEDEBUG|Mixed Platforms.ActiveCfg = AQUILINEDEBUG|x86
		{0E490CE9-C51F-408C-A6FB-39A8CE185817}.AQUILINEDEBUG|Mixed Platforms.Build.0 = AQUILINEDEBUG|x86
		{0E490CE9-C51F-408C-A6FB-39A8CE185817}.AQUILINEDEBUG|x64.ActiveCfg = AQUILINEDEBUG|x64
		{0E490CE9-C51F-408C-A6FB-39A8CE185817}.AQUILINEDEBUG|x64.Build.0 = AQUILINEDEBUG|x64
		{0E490CE9-C51F-408C-A6FB-39A8CE185817}.AQUILINEDEBUG|x86.ActiveCfg = AQUILINEDEBUG|x86
		{0E490CE9-C51F-408C-A6FB-39A8CE185817}.AQUILINEDEBUG|x86.Build.0 = AQUILINEDEBUG|x86
		{0E490CE9-C51F-408C-A6FB-39A8CE185817}.AQUILINERELEASE|Any CPU.ActiveCfg = AQUILINERELEASE|Any CPU
		{0E490CE9-C51F-408C-A6FB-39A8CE185817}.AQUILINERELEASE|Any CPU.Build.0 = AQUILINERELEASE|Any CPU
		{0E490CE9-C51F-408C-A6FB-39A8CE185817}.AQUILINERELEASE|Mixed Platforms.ActiveCfg = AQUILINERELEASE|x86
		{0E490CE9-C51F-408C-A6FB-39A8CE185817}.AQUILINERELEASE|Mixed Platforms.Build.0 = AQUILINERELEASE|x86
		{0E490CE9-C51F-408C-A6FB-39A8CE185817}.AQUILINERELEASE|x64.ActiveCfg = AQUILINERELEASE|x64
		{0E490CE9-C51F-408C-A6FB-39A8CE185817}.AQUILINERELEASE|x64.Build.0 = AQUILINERELEASE|x64
		{0E490CE9-C51F-408C-A6FB-39A8CE185817}.AQUILINERELEASE|x86.ActiveCfg = AQUILINERELEASE|x86
		{0E490CE9-C51F-408C-A6FB-39A8CE185817}.AQUILINERELEASE|x86.Build.0 = AQUILINERELEASE|x86
		{0E490CE9-C51F-408C-A6FB-39A8CE185817}.Debug|Any CPU.ActiveCfg = Debug|Any CPU
		{0E490CE9-C51F-408C-A6FB-39A8CE185817}.Debug|Any CPU.Build.0 = Debug|Any CPU
		{0E490CE9-C51F-408C-A6FB-39A8CE185817}.Debug|Mixed Platforms.ActiveCfg = Debug|x86
		{0E490CE9-C51F-408C-A6FB-39A8CE185817}.Debug|Mixed Platforms.Build.0 = Debug|x86
		{0E490CE9-C51F-408C-A6FB-39A8CE185817}.Debug|x64.ActiveCfg = Debug|x64
		{0E490CE9-C51F-408C-A6FB-39A8CE185817}.Debug|x64.Build.0 = Debug|x64
		{0E490CE9-C51F-408C-A6FB-39A8CE185817}.Debug|x86.ActiveCfg = Debug|x86
		{0E490CE9-C51F-408C-A6FB-39A8CE185817}.Debug|x86.Build.0 = Debug|x86
		{0E490CE9-C51F-408C-A6FB-39A8CE185817}.DEMO|Any CPU.ActiveCfg = DEMO|Any CPU
		{0E490CE9-C51F-408C-A6FB-39A8CE185817}.DEMO|Any CPU.Build.0 = DEMO|Any CPU
		{0E490CE9-C51F-408C-A6FB-39A8CE185817}.DEMO|Mixed Platforms.ActiveCfg = DEMO|x86
		{0E490CE9-C51F-408C-A6FB-39A8CE185817}.DEMO|Mixed Platforms.Build.0 = DEMO|x86
		{0E490CE9-C51F-408C-A6FB-39A8CE185817}.DEMO|x64.ActiveCfg = DEMO|x64
		{0E490CE9-C51F-408C-A6FB-39A8CE185817}.DEMO|x64.Build.0 = DEMO|x64
		{0E490CE9-C51F-408C-A6FB-39A8CE185817}.DEMO|x86.ActiveCfg = DEMO|x86
		{0E490CE9-C51F-408C-A6FB-39A8CE185817}.DEMO|x86.Build.0 = DEMO|x86
		{0E490CE9-C51F-408C-A6FB-39A8CE185817}.Release|Any CPU.ActiveCfg = Release|Any CPU
		{0E490CE9-C51F-408C-A6FB-39A8CE185817}.Release|Any CPU.Build.0 = Release|Any CPU
		{0E490CE9-C51F-408C-A6FB-39A8CE185817}.Release|Mixed Platforms.ActiveCfg = Release|x86
		{0E490CE9-C51F-408C-A6FB-39A8CE185817}.Release|Mixed Platforms.Build.0 = Release|x86
		{0E490CE9-C51F-408C-A6FB-39A8CE185817}.Release|x64.ActiveCfg = Release|x64
		{0E490CE9-C51F-408C-A6FB-39A8CE185817}.Release|x64.Build.0 = Release|x64
		{0E490CE9-C51F-408C-A6FB-39A8CE185817}.Release|x86.ActiveCfg = Release|x86
		{0E490CE9-C51F-408C-A6FB-39A8CE185817}.Release|x86.Build.0 = Release|x86
		{0E490CE9-C51F-408C-A6FB-39A8CE185817}.ScatDebug|Any CPU.ActiveCfg = Debug|Any CPU
		{0E490CE9-C51F-408C-A6FB-39A8CE185817}.ScatDebug|Any CPU.Build.0 = Debug|Any CPU
		{0E490CE9-C51F-408C-A6FB-39A8CE185817}.ScatDebug|Mixed Platforms.ActiveCfg = Debug|x86
		{0E490CE9-C51F-408C-A6FB-39A8CE185817}.ScatDebug|Mixed Platforms.Build.0 = Debug|x86
		{0E490CE9-C51F-408C-A6FB-39A8CE185817}.ScatDebug|x64.ActiveCfg = Debug|x64
		{0E490CE9-C51F-408C-A6FB-39A8CE185817}.ScatDebug|x64.Build.0 = Debug|x64
		{0E490CE9-C51F-408C-A6FB-39A8CE185817}.ScatDebug|x86.ActiveCfg = Debug|x86
		{0E490CE9-C51F-408C-A6FB-39A8CE185817}.ScatDebug|x86.Build.0 = Debug|x86
		{0E490CE9-C51F-408C-A6FB-39A8CE185817}.ScatRelease|Any CPU.ActiveCfg = Release|Any CPU
		{0E490CE9-C51F-408C-A6FB-39A8CE185817}.ScatRelease|Any CPU.Build.0 = Release|Any CPU
		{0E490CE9-C51F-408C-A6FB-39A8CE185817}.ScatRelease|Mixed Platforms.ActiveCfg = Release|x86
		{0E490CE9-C51F-408C-A6FB-39A8CE185817}.ScatRelease|Mixed Platforms.Build.0 = Release|x86
		{0E490CE9-C51F-408C-A6FB-39A8CE185817}.ScatRelease|x64.ActiveCfg = Release|x64
		{0E490CE9-C51F-408C-A6FB-39A8CE185817}.ScatRelease|x64.Build.0 = Release|x64
		{0E490CE9-C51F-408C-A6FB-39A8CE185817}.ScatRelease|x86.ActiveCfg = Release|x86
		{0E490CE9-C51F-408C-A6FB-39A8CE185817}.ScatRelease|x86.Build.0 = Release|x86
	EndGlobalSection
	GlobalSection(SolutionProperties) = preSolution
		HideSolutionNode = FALSE
	EndGlobalSection
	GlobalSection(ExtensibilityGlobals) = postSolution
		SolutionGuid = {2CCAE250-CF92-4F77-9D9D-851855B896F4}
	EndGlobalSection
EndGlobal
